// !$*UTF8*$!
{
	archiveVersion = 1;
	classes = {
	};
	objectVersion = 46;
	objects = {

/* Begin PBXBuildFile section */
		2619E1071EAEA3C3004CE6DD /* main.m in Sources */ = {isa = PBXBuildFile; fileRef = 2619E1061EAEA3C3004CE6DD /* main.m */; };
		2619E10A1EAEA3C3004CE6DD /* AppDelegate.m in Sources */ = {isa = PBXBuildFile; fileRef = 2619E1091EAEA3C3004CE6DD /* AppDelegate.m */; };
		2619E1101EAEA3C3004CE6DD /* Main.storyboard in Resources */ = {isa = PBXBuildFile; fileRef = 2619E10E1EAEA3C3004CE6DD /* Main.storyboard */; };
		2619E1131EAEA3C3004CE6DD /* Webo.xcdatamodeld in Sources */ = {isa = PBXBuildFile; fileRef = 2619E1111EAEA3C3004CE6DD /* Webo.xcdatamodeld */; };
		2619E1151EAEA3C3004CE6DD /* Assets.xcassets in Resources */ = {isa = PBXBuildFile; fileRef = 2619E1141EAEA3C3004CE6DD /* Assets.xcassets */; };
		2619E1181EAEA3C3004CE6DD /* LaunchScreen.storyboard in Resources */ = {isa = PBXBuildFile; fileRef = 2619E1161EAEA3C3004CE6DD /* LaunchScreen.storyboard */; };
		2619E1231EAEA3C3004CE6DD /* WeboTests.m in Sources */ = {isa = PBXBuildFile; fileRef = 2619E1221EAEA3C3004CE6DD /* WeboTests.m */; };
		2619E12E1EAEA3C3004CE6DD /* WeboUITests.m in Sources */ = {isa = PBXBuildFile; fileRef = 2619E12D1EAEA3C3004CE6DD /* WeboUITests.m */; };
		261A1EA91EAFED7100D2B7FE /* WeboIcon@2x.png in Resources */ = {isa = PBXBuildFile; fileRef = 261A1EA81EAFED7100D2B7FE /* WeboIcon@2x.png */; };
		261A1EAB1EAFEE1900D2B7FE /* WeboIcon@3x.png in Resources */ = {isa = PBXBuildFile; fileRef = 261A1EAA1EAFEE1900D2B7FE /* WeboIcon@3x.png */; };
		26315FC31ECB0CA8001BC766 /* MRTOAuthViewController.m in Sources */ = {isa = PBXBuildFile; fileRef = 26315FC21ECB0CA8001BC766 /* MRTOAuthViewController.m */; };
		26315FC61ECB4871001BC766 /* MBProgressHUD+MRT.m in Sources */ = {isa = PBXBuildFile; fileRef = 26315FC51ECB4871001BC766 /* MBProgressHUD+MRT.m */; };
		263461401EC478FD000D34A6 /* MRTNavigationController.m in Sources */ = {isa = PBXBuildFile; fileRef = 2634613F1EC478FD000D34A6 /* MRTNavigationController.m */; };
		263461431EC4C943000D34A6 /* UIBarButtonItem+MRTItem.m in Sources */ = {isa = PBXBuildFile; fileRef = 263461421EC4C943000D34A6 /* UIBarButtonItem+MRTItem.m */; };
		263461461EC4FC1E000D34A6 /* MRTMenuViewController.m in Sources */ = {isa = PBXBuildFile; fileRef = 263461451EC4FC1E000D34A6 /* MRTMenuViewController.m */; };
		263461491EC512B3000D34A6 /* MRTHomeTitle.m in Sources */ = {isa = PBXBuildFile; fileRef = 263461481EC512B3000D34A6 /* MRTHomeTitle.m */; };
		263507441ED05C8D00BFBF70 /* MRTHttpTool.m in Sources */ = {isa = PBXBuildFile; fileRef = 263507431ED05C8D00BFBF70 /* MRTHttpTool.m */; };
		2635DA061EC1155300EF24B6 /* MRTTabBar.m in Sources */ = {isa = PBXBuildFile; fileRef = 2635DA051EC1155300EF24B6 /* MRTTabBar.m */; };
		2635DA091EC1175000EF24B6 /* MRTBadgeView.m in Sources */ = {isa = PBXBuildFile; fileRef = 2635DA081EC1175000EF24B6 /* MRTBadgeView.m */; };
		2635DA0C1EC1281100EF24B6 /* UIView+MRTFrame.m in Sources */ = {isa = PBXBuildFile; fileRef = 2635DA0B1EC1281100EF24B6 /* UIView+MRTFrame.m */; };
		2635DA101EC1285E00EF24B6 /* UIImage+MRTImage.m in Sources */ = {isa = PBXBuildFile; fileRef = 2635DA0F1EC1285E00EF24B6 /* UIImage+MRTImage.m */; };
		2635DA131EC12B8100EF24B6 /* MRTTabBarButton.m in Sources */ = {isa = PBXBuildFile; fileRef = 2635DA121EC12B8100EF24B6 /* MRTTabBarButton.m */; };
		263EE9351ED1A78A00345397 /* MRTAccountParameter.m in Sources */ = {isa = PBXBuildFile; fileRef = 263EE9341ED1A78A00345397 /* MRTAccountParameter.m */; };
		263EE9401ED1E35F00345397 /* MRTStatusParameter.m in Sources */ = {isa = PBXBuildFile; fileRef = 263EE93B1ED1E35F00345397 /* MRTStatusParameter.m */; };
		263EE9411ED1E35F00345397 /* MRTStatusResult.m in Sources */ = {isa = PBXBuildFile; fileRef = 263EE93D1ED1E35F00345397 /* MRTStatusResult.m */; };
		263EE9421ED1E35F00345397 /* MRTStatusTool.m in Sources */ = {isa = PBXBuildFile; fileRef = 263EE93F1ED1E35F00345397 /* MRTStatusTool.m */; };
		266896C51EC876C7009CCC25 /* MRTOneViewController.m in Sources */ = {isa = PBXBuildFile; fileRef = 266896C31EC876C7009CCC25 /* MRTOneViewController.m */; };
		266896C61EC876C7009CCC25 /* MRTOneViewController.xib in Resources */ = {isa = PBXBuildFile; fileRef = 266896C41EC876C7009CCC25 /* MRTOneViewController.xib */; };
		266896CA1EC8B393009CCC25 /* MRTTwoViewController.m in Sources */ = {isa = PBXBuildFile; fileRef = 266896C81EC8B393009CCC25 /* MRTTwoViewController.m */; };
		266896CB1EC8B393009CCC25 /* MRTTwoViewController.xib in Resources */ = {isa = PBXBuildFile; fileRef = 266896C91EC8B393009CCC25 /* MRTTwoViewController.xib */; };
		266896D21EC90C01009CCC25 /* MRTNewFeatureCell.m in Sources */ = {isa = PBXBuildFile; fileRef = 266896D11EC90C01009CCC25 /* MRTNewFeatureCell.m */; };
		266896D81EC9118E009CCC25 /* MRTNewFeatureController.m in Sources */ = {isa = PBXBuildFile; fileRef = 266896D71EC9118E009CCC25 /* MRTNewFeatureController.m */; };
		266F319C1EBFBCCC001ECF24 /* MRTHomeViewController.m in Sources */ = {isa = PBXBuildFile; fileRef = 266F319B1EBFBCCC001ECF24 /* MRTHomeViewController.m */; };
		266F31A81EBFC020001ECF24 /* MRTMessageViewController.m in Sources */ = {isa = PBXBuildFile; fileRef = 266F31A71EBFC020001ECF24 /* MRTMessageViewController.m */; };
		266F31AB1EBFC04A001ECF24 /* MRTDiscoverViewController.m in Sources */ = {isa = PBXBuildFile; fileRef = 266F31AA1EBFC04A001ECF24 /* MRTDiscoverViewController.m */; };
		266F31AE1EBFC06B001ECF24 /* MRTProfileViewController.m in Sources */ = {isa = PBXBuildFile; fileRef = 266F31AD1EBFC06B001ECF24 /* MRTProfileViewController.m */; };
		266F31B11EBFCD28001ECF24 /* MRTLogInViewController.m in Sources */ = {isa = PBXBuildFile; fileRef = 266F31B01EBFCD28001ECF24 /* MRTLogInViewController.m */; };
		266F31B71EBFCD4A001ECF24 /* MRTTabBarController.m in Sources */ = {isa = PBXBuildFile; fileRef = 266F31B61EBFCD4A001ECF24 /* MRTTabBarController.m */; };
		2671DEA31EC6040E002F3D26 /* MRTCover.m in Sources */ = {isa = PBXBuildFile; fileRef = 2671DEA21EC6040E002F3D26 /* MRTCover.m */; };
		2671DEA71EC61416002F3D26 /* MRTPopMenu.m in Sources */ = {isa = PBXBuildFile; fileRef = 2671DEA61EC61416002F3D26 /* MRTPopMenu.m */; };
		2671DEAA1EC66303002F3D26 /* MRTSearchBar.m in Sources */ = {isa = PBXBuildFile; fileRef = 2671DEA91EC66303002F3D26 /* MRTSearchBar.m */; };
		267539D51ECDABB500D6BB3A /* MRTAccount.m in Sources */ = {isa = PBXBuildFile; fileRef = 267539D41ECDABB500D6BB3A /* MRTAccount.m */; };
		267539D91ECDFE1C00D6BB3A /* MRTAccountStore.m in Sources */ = {isa = PBXBuildFile; fileRef = 267539D81ECDFE1C00D6BB3A /* MRTAccountStore.m */; };
		26D2EA1F1ECE4E3300B733EB /* MRTRootVCPicker.m in Sources */ = {isa = PBXBuildFile; fileRef = 26D2EA1E1ECE4E3300B733EB /* MRTRootVCPicker.m */; };
		26D2EA221ECE5B4900B733EB /* MRTUser.m in Sources */ = {isa = PBXBuildFile; fileRef = 26D2EA211ECE5B4900B733EB /* MRTUser.m */; };
		26D2EA251ECE5B7700B733EB /* MRTStatus.m in Sources */ = {isa = PBXBuildFile; fileRef = 26D2EA241ECE5B7700B733EB /* MRTStatus.m */; };
		26D2EA281ECE5B9C00B733EB /* MRTPicture.m in Sources */ = {isa = PBXBuildFile; fileRef = 26D2EA271ECE5B9C00B733EB /* MRTPicture.m */; };
		8B489928D8866335C2391C79 /* libPods-Webo.a in Frameworks */ = {isa = PBXBuildFile; fileRef = C128BD0545A7FD9C0DB859C4 /* libPods-Webo.a */; };
/* End PBXBuildFile section */

/* Begin PBXContainerItemProxy section */
		2619E11F1EAEA3C3004CE6DD /* PBXContainerItemProxy */ = {
			isa = PBXContainerItemProxy;
			containerPortal = 2619E0FA1EAEA3C3004CE6DD /* Project object */;
			proxyType = 1;
			remoteGlobalIDString = 2619E1011EAEA3C3004CE6DD;
			remoteInfo = Webo;
		};
		2619E12A1EAEA3C3004CE6DD /* PBXContainerItemProxy */ = {
			isa = PBXContainerItemProxy;
			containerPortal = 2619E0FA1EAEA3C3004CE6DD /* Project object */;
			proxyType = 1;
			remoteGlobalIDString = 2619E1011EAEA3C3004CE6DD;
			remoteInfo = Webo;
		};
/* End PBXContainerItemProxy section */

/* Begin PBXFileReference section */
		16A373BDB4D13CB4712937FE /* Pods-Webo.debug.xcconfig */ = {isa = PBXFileReference; includeInIndex = 1; lastKnownFileType = text.xcconfig; name = "Pods-Webo.debug.xcconfig"; path = "Pods/Target Support Files/Pods-Webo/Pods-Webo.debug.xcconfig"; sourceTree = "<group>"; };
		2619E1021EAEA3C3004CE6DD /* Webo.app */ = {isa = PBXFileReference; explicitFileType = wrapper.application; includeInIndex = 0; path = Webo.app; sourceTree = BUILT_PRODUCTS_DIR; };
		2619E1061EAEA3C3004CE6DD /* main.m */ = {isa = PBXFileReference; lastKnownFileType = sourcecode.c.objc; path = main.m; sourceTree = "<group>"; };
		2619E1081EAEA3C3004CE6DD /* AppDelegate.h */ = {isa = PBXFileReference; lastKnownFileType = sourcecode.c.h; path = AppDelegate.h; sourceTree = "<group>"; };
		2619E1091EAEA3C3004CE6DD /* AppDelegate.m */ = {isa = PBXFileReference; lastKnownFileType = sourcecode.c.objc; path = AppDelegate.m; sourceTree = "<group>"; };
		2619E10F1EAEA3C3004CE6DD /* Base */ = {isa = PBXFileReference; lastKnownFileType = file.storyboard; name = Base; path = Base.lproj/Main.storyboard; sourceTree = "<group>"; };
		2619E1121EAEA3C3004CE6DD /* Webo.xcdatamodel */ = {isa = PBXFileReference; lastKnownFileType = wrapper.xcdatamodel; path = Webo.xcdatamodel; sourceTree = "<group>"; };
		2619E1141EAEA3C3004CE6DD /* Assets.xcassets */ = {isa = PBXFileReference; lastKnownFileType = folder.assetcatalog; path = Assets.xcassets; sourceTree = "<group>"; };
		2619E1171EAEA3C3004CE6DD /* Base */ = {isa = PBXFileReference; lastKnownFileType = file.storyboard; name = Base; path = Base.lproj/LaunchScreen.storyboard; sourceTree = "<group>"; };
		2619E1191EAEA3C3004CE6DD /* Info.plist */ = {isa = PBXFileReference; lastKnownFileType = text.plist.xml; path = Info.plist; sourceTree = "<group>"; };
		2619E11E1EAEA3C3004CE6DD /* WeboTests.xctest */ = {isa = PBXFileReference; explicitFileType = wrapper.cfbundle; includeInIndex = 0; path = WeboTests.xctest; sourceTree = BUILT_PRODUCTS_DIR; };
		2619E1221EAEA3C3004CE6DD /* WeboTests.m */ = {isa = PBXFileReference; lastKnownFileType = sourcecode.c.objc; path = WeboTests.m; sourceTree = "<group>"; };
		2619E1241EAEA3C3004CE6DD /* Info.plist */ = {isa = PBXFileReference; lastKnownFileType = text.plist.xml; path = Info.plist; sourceTree = "<group>"; };
		2619E1291EAEA3C3004CE6DD /* WeboUITests.xctest */ = {isa = PBXFileReference; explicitFileType = wrapper.cfbundle; includeInIndex = 0; path = WeboUITests.xctest; sourceTree = BUILT_PRODUCTS_DIR; };
		2619E12D1EAEA3C3004CE6DD /* WeboUITests.m */ = {isa = PBXFileReference; lastKnownFileType = sourcecode.c.objc; path = WeboUITests.m; sourceTree = "<group>"; };
		2619E12F1EAEA3C3004CE6DD /* Info.plist */ = {isa = PBXFileReference; lastKnownFileType = text.plist.xml; path = Info.plist; sourceTree = "<group>"; };
		261A1EA81EAFED7100D2B7FE /* WeboIcon@2x.png */ = {isa = PBXFileReference; lastKnownFileType = image.png; path = "WeboIcon@2x.png"; sourceTree = "<group>"; };
		261A1EAA1EAFEE1900D2B7FE /* WeboIcon@3x.png */ = {isa = PBXFileReference; lastKnownFileType = image.png; path = "WeboIcon@3x.png"; sourceTree = "<group>"; };
		26315FC11ECB0CA8001BC766 /* MRTOAuthViewController.h */ = {isa = PBXFileReference; fileEncoding = 4; lastKnownFileType = sourcecode.c.h; name = MRTOAuthViewController.h; path = LogIn/Controller/MRTOAuthViewController.h; sourceTree = "<group>"; };
		26315FC21ECB0CA8001BC766 /* MRTOAuthViewController.m */ = {isa = PBXFileReference; fileEncoding = 4; lastKnownFileType = sourcecode.c.objc; name = MRTOAuthViewController.m; path = LogIn/Controller/MRTOAuthViewController.m; sourceTree = "<group>"; };
		26315FC41ECB4871001BC766 /* MBProgressHUD+MRT.h */ = {isa = PBXFileReference; fileEncoding = 4; lastKnownFileType = sourcecode.c.h; name = "MBProgressHUD+MRT.h"; path = "Category/MBProgressHUD+MRT.h"; sourceTree = "<group>"; };
		26315FC51ECB4871001BC766 /* MBProgressHUD+MRT.m */ = {isa = PBXFileReference; fileEncoding = 4; lastKnownFileType = sourcecode.c.objc; name = "MBProgressHUD+MRT.m"; path = "Category/MBProgressHUD+MRT.m"; sourceTree = "<group>"; };
		2634613E1EC478FD000D34A6 /* MRTNavigationController.h */ = {isa = PBXFileReference; fileEncoding = 4; lastKnownFileType = sourcecode.c.h; name = MRTNavigationController.h; path = TabBar/Controller/MRTNavigationController.h; sourceTree = "<group>"; };
		2634613F1EC478FD000D34A6 /* MRTNavigationController.m */ = {isa = PBXFileReference; fileEncoding = 4; lastKnownFileType = sourcecode.c.objc; name = MRTNavigationController.m; path = TabBar/Controller/MRTNavigationController.m; sourceTree = "<group>"; };
		263461411EC4C943000D34A6 /* UIBarButtonItem+MRTItem.h */ = {isa = PBXFileReference; fileEncoding = 4; lastKnownFileType = sourcecode.c.h; name = "UIBarButtonItem+MRTItem.h"; path = "Category/UIBarButtonItem+MRTItem.h"; sourceTree = "<group>"; };
		263461421EC4C943000D34A6 /* UIBarButtonItem+MRTItem.m */ = {isa = PBXFileReference; fileEncoding = 4; lastKnownFileType = sourcecode.c.objc; name = "UIBarButtonItem+MRTItem.m"; path = "Category/UIBarButtonItem+MRTItem.m"; sourceTree = "<group>"; };
		263461441EC4FC1E000D34A6 /* MRTMenuViewController.h */ = {isa = PBXFileReference; fileEncoding = 4; lastKnownFileType = sourcecode.c.h; name = MRTMenuViewController.h; path = Home/Controller/MRTMenuViewController.h; sourceTree = "<group>"; };
		263461451EC4FC1E000D34A6 /* MRTMenuViewController.m */ = {isa = PBXFileReference; fileEncoding = 4; lastKnownFileType = sourcecode.c.objc; name = MRTMenuViewController.m; path = Home/Controller/MRTMenuViewController.m; sourceTree = "<group>"; };
		263461471EC512B3000D34A6 /* MRTHomeTitle.h */ = {isa = PBXFileReference; fileEncoding = 4; lastKnownFileType = sourcecode.c.h; name = MRTHomeTitle.h; path = Home/View/MRTHomeTitle.h; sourceTree = "<group>"; };
		263461481EC512B3000D34A6 /* MRTHomeTitle.m */ = {isa = PBXFileReference; fileEncoding = 4; lastKnownFileType = sourcecode.c.objc; name = MRTHomeTitle.m; path = Home/View/MRTHomeTitle.m; sourceTree = "<group>"; };
		263507421ED05C8D00BFBF70 /* MRTHttpTool.h */ = {isa = PBXFileReference; fileEncoding = 4; lastKnownFileType = sourcecode.c.h; path = MRTHttpTool.h; sourceTree = "<group>"; };
		263507431ED05C8D00BFBF70 /* MRTHttpTool.m */ = {isa = PBXFileReference; fileEncoding = 4; lastKnownFileType = sourcecode.c.objc; path = MRTHttpTool.m; sourceTree = "<group>"; };
		2635DA041EC1155300EF24B6 /* MRTTabBar.h */ = {isa = PBXFileReference; fileEncoding = 4; lastKnownFileType = sourcecode.c.h; name = MRTTabBar.h; path = TabBar/View/MRTTabBar.h; sourceTree = "<group>"; };
		2635DA051EC1155300EF24B6 /* MRTTabBar.m */ = {isa = PBXFileReference; fileEncoding = 4; lastKnownFileType = sourcecode.c.objc; name = MRTTabBar.m; path = TabBar/View/MRTTabBar.m; sourceTree = "<group>"; };
		2635DA071EC1175000EF24B6 /* MRTBadgeView.h */ = {isa = PBXFileReference; fileEncoding = 4; lastKnownFileType = sourcecode.c.h; name = MRTBadgeView.h; path = TabBar/View/MRTBadgeView.h; sourceTree = "<group>"; };
		2635DA081EC1175000EF24B6 /* MRTBadgeView.m */ = {isa = PBXFileReference; fileEncoding = 4; lastKnownFileType = sourcecode.c.objc; name = MRTBadgeView.m; path = TabBar/View/MRTBadgeView.m; sourceTree = "<group>"; };
		2635DA0A1EC1281100EF24B6 /* UIView+MRTFrame.h */ = {isa = PBXFileReference; fileEncoding = 4; lastKnownFileType = sourcecode.c.h; name = "UIView+MRTFrame.h"; path = "Category/UIView+MRTFrame.h"; sourceTree = "<group>"; };
		2635DA0B1EC1281100EF24B6 /* UIView+MRTFrame.m */ = {isa = PBXFileReference; fileEncoding = 4; lastKnownFileType = sourcecode.c.objc; name = "UIView+MRTFrame.m"; path = "Category/UIView+MRTFrame.m"; sourceTree = "<group>"; };
		2635DA0E1EC1285E00EF24B6 /* UIImage+MRTImage.h */ = {isa = PBXFileReference; fileEncoding = 4; lastKnownFileType = sourcecode.c.h; name = "UIImage+MRTImage.h"; path = "Category/UIImage+MRTImage.h"; sourceTree = "<group>"; };
		2635DA0F1EC1285E00EF24B6 /* UIImage+MRTImage.m */ = {isa = PBXFileReference; fileEncoding = 4; lastKnownFileType = sourcecode.c.objc; name = "UIImage+MRTImage.m"; path = "Category/UIImage+MRTImage.m"; sourceTree = "<group>"; };
		2635DA111EC12B8100EF24B6 /* MRTTabBarButton.h */ = {isa = PBXFileReference; fileEncoding = 4; lastKnownFileType = sourcecode.c.h; name = MRTTabBarButton.h; path = TabBar/View/MRTTabBarButton.h; sourceTree = "<group>"; };
		2635DA121EC12B8100EF24B6 /* MRTTabBarButton.m */ = {isa = PBXFileReference; fileEncoding = 4; lastKnownFileType = sourcecode.c.objc; name = MRTTabBarButton.m; path = TabBar/View/MRTTabBarButton.m; sourceTree = "<group>"; };
		263EE9331ED1A78A00345397 /* MRTAccountParameter.h */ = {isa = PBXFileReference; fileEncoding = 4; lastKnownFileType = sourcecode.c.h; name = MRTAccountParameter.h; path = LogIn/Model/MRTAccountParameter.h; sourceTree = "<group>"; };
		263EE9341ED1A78A00345397 /* MRTAccountParameter.m */ = {isa = PBXFileReference; fileEncoding = 4; lastKnownFileType = sourcecode.c.objc; name = MRTAccountParameter.m; path = LogIn/Model/MRTAccountParameter.m; sourceTree = "<group>"; };
		263EE93A1ED1E35F00345397 /* MRTStatusParameter.h */ = {isa = PBXFileReference; fileEncoding = 4; lastKnownFileType = sourcecode.c.h; name = MRTStatusParameter.h; path = Home/Model/Tool/MRTStatusParameter.h; sourceTree = "<group>"; };
		263EE93B1ED1E35F00345397 /* MRTStatusParameter.m */ = {isa = PBXFileReference; fileEncoding = 4; lastKnownFileType = sourcecode.c.objc; name = MRTStatusParameter.m; path = Home/Model/Tool/MRTStatusParameter.m; sourceTree = "<group>"; };
		263EE93C1ED1E35F00345397 /* MRTStatusResult.h */ = {isa = PBXFileReference; fileEncoding = 4; lastKnownFileType = sourcecode.c.h; name = MRTStatusResult.h; path = Home/Model/Tool/MRTStatusResult.h; sourceTree = "<group>"; };
		263EE93D1ED1E35F00345397 /* MRTStatusResult.m */ = {isa = PBXFileReference; fileEncoding = 4; lastKnownFileType = sourcecode.c.objc; name = MRTStatusResult.m; path = Home/Model/Tool/MRTStatusResult.m; sourceTree = "<group>"; };
		263EE93E1ED1E35F00345397 /* MRTStatusTool.h */ = {isa = PBXFileReference; fileEncoding = 4; lastKnownFileType = sourcecode.c.h; name = MRTStatusTool.h; path = Home/Model/Tool/MRTStatusTool.h; sourceTree = "<group>"; };
		263EE93F1ED1E35F00345397 /* MRTStatusTool.m */ = {isa = PBXFileReference; fileEncoding = 4; lastKnownFileType = sourcecode.c.objc; name = MRTStatusTool.m; path = Home/Model/Tool/MRTStatusTool.m; sourceTree = "<group>"; };
		266896C21EC876C7009CCC25 /* MRTOneViewController.h */ = {isa = PBXFileReference; fileEncoding = 4; lastKnownFileType = sourcecode.c.h; name = MRTOneViewController.h; path = Home/Controller/MRTOneViewController.h; sourceTree = "<group>"; };
		266896C31EC876C7009CCC25 /* MRTOneViewController.m */ = {isa = PBXFileReference; fileEncoding = 4; lastKnownFileType = sourcecode.c.objc; name = MRTOneViewController.m; path = Home/Controller/MRTOneViewController.m; sourceTree = "<group>"; };
		266896C41EC876C7009CCC25 /* MRTOneViewController.xib */ = {isa = PBXFileReference; fileEncoding = 4; lastKnownFileType = file.xib; name = MRTOneViewController.xib; path = Home/Controller/MRTOneViewController.xib; sourceTree = "<group>"; };
		266896C71EC8B393009CCC25 /* MRTTwoViewController.h */ = {isa = PBXFileReference; fileEncoding = 4; lastKnownFileType = sourcecode.c.h; name = MRTTwoViewController.h; path = Home/Controller/MRTTwoViewController.h; sourceTree = "<group>"; };
		266896C81EC8B393009CCC25 /* MRTTwoViewController.m */ = {isa = PBXFileReference; fileEncoding = 4; lastKnownFileType = sourcecode.c.objc; name = MRTTwoViewController.m; path = Home/Controller/MRTTwoViewController.m; sourceTree = "<group>"; };
		266896C91EC8B393009CCC25 /* MRTTwoViewController.xib */ = {isa = PBXFileReference; fileEncoding = 4; lastKnownFileType = file.xib; name = MRTTwoViewController.xib; path = Home/Controller/MRTTwoViewController.xib; sourceTree = "<group>"; };
		266896D01EC90C01009CCC25 /* MRTNewFeatureCell.h */ = {isa = PBXFileReference; fileEncoding = 4; lastKnownFileType = sourcecode.c.h; name = MRTNewFeatureCell.h; path = NewFeature/View/MRTNewFeatureCell.h; sourceTree = "<group>"; };
		266896D11EC90C01009CCC25 /* MRTNewFeatureCell.m */ = {isa = PBXFileReference; fileEncoding = 4; lastKnownFileType = sourcecode.c.objc; name = MRTNewFeatureCell.m; path = NewFeature/View/MRTNewFeatureCell.m; sourceTree = "<group>"; };
		266896D61EC9118E009CCC25 /* MRTNewFeatureController.h */ = {isa = PBXFileReference; fileEncoding = 4; lastKnownFileType = sourcecode.c.h; name = MRTNewFeatureController.h; path = NewFeature/Controller/MRTNewFeatureController.h; sourceTree = "<group>"; };
		266896D71EC9118E009CCC25 /* MRTNewFeatureController.m */ = {isa = PBXFileReference; fileEncoding = 4; lastKnownFileType = sourcecode.c.objc; name = MRTNewFeatureController.m; path = NewFeature/Controller/MRTNewFeatureController.m; sourceTree = "<group>"; };
		266F319A1EBFBCCC001ECF24 /* MRTHomeViewController.h */ = {isa = PBXFileReference; fileEncoding = 4; lastKnownFileType = sourcecode.c.h; name = MRTHomeViewController.h; path = Home/Controller/MRTHomeViewController.h; sourceTree = "<group>"; };
		266F319B1EBFBCCC001ECF24 /* MRTHomeViewController.m */ = {isa = PBXFileReference; fileEncoding = 4; lastKnownFileType = sourcecode.c.objc; name = MRTHomeViewController.m; path = Home/Controller/MRTHomeViewController.m; sourceTree = "<group>"; };
		266F31A61EBFC020001ECF24 /* MRTMessageViewController.h */ = {isa = PBXFileReference; fileEncoding = 4; lastKnownFileType = sourcecode.c.h; name = MRTMessageViewController.h; path = Message/Controller/MRTMessageViewController.h; sourceTree = "<group>"; };
		266F31A71EBFC020001ECF24 /* MRTMessageViewController.m */ = {isa = PBXFileReference; fileEncoding = 4; lastKnownFileType = sourcecode.c.objc; name = MRTMessageViewController.m; path = Message/Controller/MRTMessageViewController.m; sourceTree = "<group>"; };
		266F31A91EBFC04A001ECF24 /* MRTDiscoverViewController.h */ = {isa = PBXFileReference; fileEncoding = 4; lastKnownFileType = sourcecode.c.h; name = MRTDiscoverViewController.h; path = Discover/Controller/MRTDiscoverViewController.h; sourceTree = "<group>"; };
		266F31AA1EBFC04A001ECF24 /* MRTDiscoverViewController.m */ = {isa = PBXFileReference; fileEncoding = 4; lastKnownFileType = sourcecode.c.objc; name = MRTDiscoverViewController.m; path = Discover/Controller/MRTDiscoverViewController.m; sourceTree = "<group>"; };
		266F31AC1EBFC06B001ECF24 /* MRTProfileViewController.h */ = {isa = PBXFileReference; fileEncoding = 4; lastKnownFileType = sourcecode.c.h; name = MRTProfileViewController.h; path = Profile/Controller/MRTProfileViewController.h; sourceTree = "<group>"; };
		266F31AD1EBFC06B001ECF24 /* MRTProfileViewController.m */ = {isa = PBXFileReference; fileEncoding = 4; lastKnownFileType = sourcecode.c.objc; name = MRTProfileViewController.m; path = Profile/Controller/MRTProfileViewController.m; sourceTree = "<group>"; };
		266F31AF1EBFCD28001ECF24 /* MRTLogInViewController.h */ = {isa = PBXFileReference; fileEncoding = 4; lastKnownFileType = sourcecode.c.h; name = MRTLogInViewController.h; path = LogIn/Controller/MRTLogInViewController.h; sourceTree = "<group>"; };
		266F31B01EBFCD28001ECF24 /* MRTLogInViewController.m */ = {isa = PBXFileReference; fileEncoding = 4; lastKnownFileType = sourcecode.c.objc; name = MRTLogInViewController.m; path = LogIn/Controller/MRTLogInViewController.m; sourceTree = "<group>"; };
		266F31B51EBFCD4A001ECF24 /* MRTTabBarController.h */ = {isa = PBXFileReference; fileEncoding = 4; lastKnownFileType = sourcecode.c.h; name = MRTTabBarController.h; path = TabBar/Controller/MRTTabBarController.h; sourceTree = "<group>"; };
		266F31B61EBFCD4A001ECF24 /* MRTTabBarController.m */ = {isa = PBXFileReference; fileEncoding = 4; lastKnownFileType = sourcecode.c.objc; name = MRTTabBarController.m; path = TabBar/Controller/MRTTabBarController.m; sourceTree = "<group>"; };
		2671DEA11EC6040E002F3D26 /* MRTCover.h */ = {isa = PBXFileReference; fileEncoding = 4; lastKnownFileType = sourcecode.c.h; name = MRTCover.h; path = Home/View/MRTCover.h; sourceTree = "<group>"; };
		2671DEA21EC6040E002F3D26 /* MRTCover.m */ = {isa = PBXFileReference; fileEncoding = 4; lastKnownFileType = sourcecode.c.objc; name = MRTCover.m; path = Home/View/MRTCover.m; sourceTree = "<group>"; };
		2671DEA41EC60D44002F3D26 /* Webo-PrefixHeader.pch */ = {isa = PBXFileReference; lastKnownFileType = sourcecode.c.h; path = "Webo-PrefixHeader.pch"; sourceTree = "<group>"; };
		2671DEA51EC61416002F3D26 /* MRTPopMenu.h */ = {isa = PBXFileReference; fileEncoding = 4; lastKnownFileType = sourcecode.c.h; name = MRTPopMenu.h; path = Home/View/MRTPopMenu.h; sourceTree = "<group>"; };
		2671DEA61EC61416002F3D26 /* MRTPopMenu.m */ = {isa = PBXFileReference; fileEncoding = 4; lastKnownFileType = sourcecode.c.objc; name = MRTPopMenu.m; path = Home/View/MRTPopMenu.m; sourceTree = "<group>"; };
		2671DEA81EC66303002F3D26 /* MRTSearchBar.h */ = {isa = PBXFileReference; fileEncoding = 4; lastKnownFileType = sourcecode.c.h; name = MRTSearchBar.h; path = Discover/View/MRTSearchBar.h; sourceTree = "<group>"; };
		2671DEA91EC66303002F3D26 /* MRTSearchBar.m */ = {isa = PBXFileReference; fileEncoding = 4; lastKnownFileType = sourcecode.c.objc; name = MRTSearchBar.m; path = Discover/View/MRTSearchBar.m; sourceTree = "<group>"; };
		267539D31ECDABB500D6BB3A /* MRTAccount.h */ = {isa = PBXFileReference; fileEncoding = 4; lastKnownFileType = sourcecode.c.h; name = MRTAccount.h; path = LogIn/Model/MRTAccount.h; sourceTree = "<group>"; };
		267539D41ECDABB500D6BB3A /* MRTAccount.m */ = {isa = PBXFileReference; fileEncoding = 4; lastKnownFileType = sourcecode.c.objc; name = MRTAccount.m; path = LogIn/Model/MRTAccount.m; sourceTree = "<group>"; };
		267539D71ECDFE1C00D6BB3A /* MRTAccountStore.h */ = {isa = PBXFileReference; fileEncoding = 4; lastKnownFileType = sourcecode.c.h; name = MRTAccountStore.h; path = LogIn/Store/MRTAccountStore.h; sourceTree = "<group>"; };
		267539D81ECDFE1C00D6BB3A /* MRTAccountStore.m */ = {isa = PBXFileReference; fileEncoding = 4; lastKnownFileType = sourcecode.c.objc; name = MRTAccountStore.m; path = LogIn/Store/MRTAccountStore.m; sourceTree = "<group>"; };
		26D2EA1D1ECE4E3300B733EB /* MRTRootVCPicker.h */ = {isa = PBXFileReference; fileEncoding = 4; lastKnownFileType = sourcecode.c.h; path = MRTRootVCPicker.h; sourceTree = "<group>"; };
		26D2EA1E1ECE4E3300B733EB /* MRTRootVCPicker.m */ = {isa = PBXFileReference; fileEncoding = 4; lastKnownFileType = sourcecode.c.objc; path = MRTRootVCPicker.m; sourceTree = "<group>"; };
		26D2EA201ECE5B4900B733EB /* MRTUser.h */ = {isa = PBXFileReference; fileEncoding = 4; lastKnownFileType = sourcecode.c.h; name = MRTUser.h; path = Home/Model/MRTUser.h; sourceTree = "<group>"; };
		26D2EA211ECE5B4900B733EB /* MRTUser.m */ = {isa = PBXFileReference; fileEncoding = 4; lastKnownFileType = sourcecode.c.objc; name = MRTUser.m; path = Home/Model/MRTUser.m; sourceTree = "<group>"; };
		26D2EA231ECE5B7700B733EB /* MRTStatus.h */ = {isa = PBXFileReference; fileEncoding = 4; lastKnownFileType = sourcecode.c.h; name = MRTStatus.h; path = Home/Model/MRTStatus.h; sourceTree = "<group>"; };
		26D2EA241ECE5B7700B733EB /* MRTStatus.m */ = {isa = PBXFileReference; fileEncoding = 4; lastKnownFileType = sourcecode.c.objc; name = MRTStatus.m; path = Home/Model/MRTStatus.m; sourceTree = "<group>"; };
		26D2EA261ECE5B9C00B733EB /* MRTPicture.h */ = {isa = PBXFileReference; fileEncoding = 4; lastKnownFileType = sourcecode.c.h; name = MRTPicture.h; path = Home/Model/MRTPicture.h; sourceTree = "<group>"; };
		26D2EA271ECE5B9C00B733EB /* MRTPicture.m */ = {isa = PBXFileReference; fileEncoding = 4; lastKnownFileType = sourcecode.c.objc; name = MRTPicture.m; path = Home/Model/MRTPicture.m; sourceTree = "<group>"; };
		BA69F59417D1A198953C3BD9 /* Pods-Webo.release.xcconfig */ = {isa = PBXFileReference; includeInIndex = 1; lastKnownFileType = text.xcconfig; name = "Pods-Webo.release.xcconfig"; path = "Pods/Target Support Files/Pods-Webo/Pods-Webo.release.xcconfig"; sourceTree = "<group>"; };
		C128BD0545A7FD9C0DB859C4 /* libPods-Webo.a */ = {isa = PBXFileReference; explicitFileType = archive.ar; includeInIndex = 0; path = "libPods-Webo.a"; sourceTree = BUILT_PRODUCTS_DIR; };
/* End PBXFileReference section */

/* Begin PBXFrameworksBuildPhase section */
		2619E0FF1EAEA3C3004CE6DD /* Frameworks */ = {
			isa = PBXFrameworksBuildPhase;
			buildActionMask = 2147483647;
			files = (
				8B489928D8866335C2391C79 /* libPods-Webo.a in Frameworks */,
			);
			runOnlyForDeploymentPostprocessing = 0;
		};
		2619E11B1EAEA3C3004CE6DD /* Frameworks */ = {
			isa = PBXFrameworksBuildPhase;
			buildActionMask = 2147483647;
			files = (
			);
			runOnlyForDeploymentPostprocessing = 0;
		};
		2619E1261EAEA3C3004CE6DD /* Frameworks */ = {
			isa = PBXFrameworksBuildPhase;
			buildActionMask = 2147483647;
			files = (
			);
			runOnlyForDeploymentPostprocessing = 0;
		};
/* End PBXFrameworksBuildPhase section */

/* Begin PBXGroup section */
		2619E0F91EAEA3C3004CE6DD = {
			isa = PBXGroup;
			children = (
				2619E1041EAEA3C3004CE6DD /* Webo */,
				2619E1211EAEA3C3004CE6DD /* WeboTests */,
				2619E12C1EAEA3C3004CE6DD /* WeboUITests */,
				2619E1031EAEA3C3004CE6DD /* Products */,
				C8AE40A5E7F03FB29C893179 /* Pods */,
				87B097444AE84103A2FCF9A4 /* Frameworks */,
			);
			sourceTree = "<group>";
		};
		2619E1031EAEA3C3004CE6DD /* Products */ = {
			isa = PBXGroup;
			children = (
				2619E1021EAEA3C3004CE6DD /* Webo.app */,
				2619E11E1EAEA3C3004CE6DD /* WeboTests.xctest */,
				2619E1291EAEA3C3004CE6DD /* WeboUITests.xctest */,
			);
			name = Products;
			sourceTree = "<group>";
		};
		2619E1041EAEA3C3004CE6DD /* Webo */ = {
			isa = PBXGroup;
			children = (
				266896CC1EC90B24009CCC25 /* NewFeature */,
				266F31871EBFB80E001ECF24 /* TabBar */,
				266F31851EBFB7F0001ECF24 /* Home */,
				266F31891EBFB816001ECF24 /* Message */,
				266F31881EBFB811001ECF24 /* Discover */,
				266F31951EBFBA5D001ECF24 /* Profile */,
				2619E13E1EAEAC73004CE6DD /* LogIn */,
				2619E1081EAEA3C3004CE6DD /* AppDelegate.h */,
				2619E1091EAEA3C3004CE6DD /* AppDelegate.m */,
				26D2EA1D1ECE4E3300B733EB /* MRTRootVCPicker.h */,
				26D2EA1E1ECE4E3300B733EB /* MRTRootVCPicker.m */,
				263507421ED05C8D00BFBF70 /* MRTHttpTool.h */,
				263507431ED05C8D00BFBF70 /* MRTHttpTool.m */,
				2671DEA41EC60D44002F3D26 /* Webo-PrefixHeader.pch */,
				2635DA0D1EC1281E00EF24B6 /* Category */,
				2619E10E1EAEA3C3004CE6DD /* Main.storyboard */,
				2619E1141EAEA3C3004CE6DD /* Assets.xcassets */,
				261A1EA81EAFED7100D2B7FE /* WeboIcon@2x.png */,
				261A1EAA1EAFEE1900D2B7FE /* WeboIcon@3x.png */,
				2619E1161EAEA3C3004CE6DD /* LaunchScreen.storyboard */,
				2619E1191EAEA3C3004CE6DD /* Info.plist */,
				2619E1111EAEA3C3004CE6DD /* Webo.xcdatamodeld */,
				2619E1051EAEA3C3004CE6DD /* Supporting Files */,
			);
			path = Webo;
			sourceTree = "<group>";
		};
		2619E1051EAEA3C3004CE6DD /* Supporting Files */ = {
			isa = PBXGroup;
			children = (
				2619E1061EAEA3C3004CE6DD /* main.m */,
			);
			name = "Supporting Files";
			sourceTree = "<group>";
		};
		2619E1211EAEA3C3004CE6DD /* WeboTests */ = {
			isa = PBXGroup;
			children = (
				2619E1221EAEA3C3004CE6DD /* WeboTests.m */,
				2619E1241EAEA3C3004CE6DD /* Info.plist */,
			);
			path = WeboTests;
			sourceTree = "<group>";
		};
		2619E12C1EAEA3C3004CE6DD /* WeboUITests */ = {
			isa = PBXGroup;
			children = (
				2619E12D1EAEA3C3004CE6DD /* WeboUITests.m */,
				2619E12F1EAEA3C3004CE6DD /* Info.plist */,
			);
			path = WeboUITests;
			sourceTree = "<group>";
		};
		2619E13E1EAEAC73004CE6DD /* LogIn */ = {
			isa = PBXGroup;
			children = (
				267539D21ECDAB1600D6BB3A /* Model */,
				266F31991EBFBB12001ECF24 /* Controller */,
				267539D61ECDFDAA00D6BB3A /* Store */,
			);
			name = LogIn;
			sourceTree = "<group>";
		};
		2635DA001EC10D2300EF24B6 /* Model */ = {
			isa = PBXGroup;
			children = (
			);
			name = Model;
			sourceTree = "<group>";
		};
		2635DA0D1EC1281E00EF24B6 /* Category */ = {
			isa = PBXGroup;
			children = (
				2635DA0A1EC1281100EF24B6 /* UIView+MRTFrame.h */,
				2635DA0B1EC1281100EF24B6 /* UIView+MRTFrame.m */,
				2635DA0E1EC1285E00EF24B6 /* UIImage+MRTImage.h */,
				2635DA0F1EC1285E00EF24B6 /* UIImage+MRTImage.m */,
				263461411EC4C943000D34A6 /* UIBarButtonItem+MRTItem.h */,
				263461421EC4C943000D34A6 /* UIBarButtonItem+MRTItem.m */,
				26315FC41ECB4871001BC766 /* MBProgressHUD+MRT.h */,
				26315FC51ECB4871001BC766 /* MBProgressHUD+MRT.m */,
			);
			name = Category;
			sourceTree = "<group>";
		};
		263EE9391ED1E33400345397 /* Tool */ = {
			isa = PBXGroup;
			children = (
				263EE93A1ED1E35F00345397 /* MRTStatusParameter.h */,
				263EE93B1ED1E35F00345397 /* MRTStatusParameter.m */,
				263EE93C1ED1E35F00345397 /* MRTStatusResult.h */,
				263EE93D1ED1E35F00345397 /* MRTStatusResult.m */,
				263EE93E1ED1E35F00345397 /* MRTStatusTool.h */,
				263EE93F1ED1E35F00345397 /* MRTStatusTool.m */,
			);
			name = Tool;
			sourceTree = "<group>";
		};
		266896CC1EC90B24009CCC25 /* NewFeature */ = {
			isa = PBXGroup;
			children = (
				266896CF1EC90B44009CCC25 /* Model */,
				266896CE1EC90B42009CCC25 /* View */,
				266896CD1EC90B3F009CCC25 /* Controller */,
			);
			name = NewFeature;
			sourceTree = "<group>";
		};
		266896CD1EC90B3F009CCC25 /* Controller */ = {
			isa = PBXGroup;
			children = (
				266896D61EC9118E009CCC25 /* MRTNewFeatureController.h */,
				266896D71EC9118E009CCC25 /* MRTNewFeatureController.m */,
			);
			name = Controller;
			sourceTree = "<group>";
		};
		266896CE1EC90B42009CCC25 /* View */ = {
			isa = PBXGroup;
			children = (
				266896D01EC90C01009CCC25 /* MRTNewFeatureCell.h */,
				266896D11EC90C01009CCC25 /* MRTNewFeatureCell.m */,
			);
			name = View;
			sourceTree = "<group>";
		};
		266896CF1EC90B44009CCC25 /* Model */ = {
			isa = PBXGroup;
			children = (
			);
			name = Model;
			sourceTree = "<group>";
		};
		266F31851EBFB7F0001ECF24 /* Home */ = {
			isa = PBXGroup;
			children = (
				266F31931EBFB9DF001ECF24 /* Model */,
				266F31921EBFB9DD001ECF24 /* View */,
				266F31941EBFB9E1001ECF24 /* Controller */,
			);
			name = Home;
			sourceTree = "<group>";
		};
		266F31871EBFB80E001ECF24 /* TabBar */ = {
			isa = PBXGroup;
			children = (
				2635DA001EC10D2300EF24B6 /* Model */,
				266F318B1EBFB925001ECF24 /* View */,
				266F318A1EBFB8FA001ECF24 /* Controller */,
			);
			name = TabBar;
			sourceTree = "<group>";
		};
		266F31881EBFB811001ECF24 /* Discover */ = {
			isa = PBXGroup;
			children = (
				266F31901EBFB9B6001ECF24 /* Model */,
				266F318F1EBFB9B3001ECF24 /* View */,
				266F31911EBFB9B8001ECF24 /* Controller */,
			);
			name = Discover;
			sourceTree = "<group>";
		};
		266F31891EBFB816001ECF24 /* Message */ = {
			isa = PBXGroup;
			children = (
				266F318D1EBFB973001ECF24 /* Model */,
				266F318C1EBFB96F001ECF24 /* View */,
				266F318E1EBFB976001ECF24 /* Controller */,
			);
			name = Message;
			sourceTree = "<group>";
		};
		266F318A1EBFB8FA001ECF24 /* Controller */ = {
			isa = PBXGroup;
			children = (
				266F31B51EBFCD4A001ECF24 /* MRTTabBarController.h */,
				266F31B61EBFCD4A001ECF24 /* MRTTabBarController.m */,
				2634613E1EC478FD000D34A6 /* MRTNavigationController.h */,
				2634613F1EC478FD000D34A6 /* MRTNavigationController.m */,
			);
			name = Controller;
			sourceTree = "<group>";
		};
		266F318B1EBFB925001ECF24 /* View */ = {
			isa = PBXGroup;
			children = (
				2635DA041EC1155300EF24B6 /* MRTTabBar.h */,
				2635DA051EC1155300EF24B6 /* MRTTabBar.m */,
				2635DA071EC1175000EF24B6 /* MRTBadgeView.h */,
				2635DA081EC1175000EF24B6 /* MRTBadgeView.m */,
				2635DA111EC12B8100EF24B6 /* MRTTabBarButton.h */,
				2635DA121EC12B8100EF24B6 /* MRTTabBarButton.m */,
			);
			name = View;
			sourceTree = "<group>";
		};
		266F318C1EBFB96F001ECF24 /* View */ = {
			isa = PBXGroup;
			children = (
			);
			name = View;
			sourceTree = "<group>";
		};
		266F318D1EBFB973001ECF24 /* Model */ = {
			isa = PBXGroup;
			children = (
			);
			name = Model;
			sourceTree = "<group>";
		};
		266F318E1EBFB976001ECF24 /* Controller */ = {
			isa = PBXGroup;
			children = (
				266F31A61EBFC020001ECF24 /* MRTMessageViewController.h */,
				266F31A71EBFC020001ECF24 /* MRTMessageViewController.m */,
			);
			name = Controller;
			sourceTree = "<group>";
		};
		266F318F1EBFB9B3001ECF24 /* View */ = {
			isa = PBXGroup;
			children = (
				2671DEA81EC66303002F3D26 /* MRTSearchBar.h */,
				2671DEA91EC66303002F3D26 /* MRTSearchBar.m */,
			);
			name = View;
			sourceTree = "<group>";
		};
		266F31901EBFB9B6001ECF24 /* Model */ = {
			isa = PBXGroup;
			children = (
			);
			name = Model;
			sourceTree = "<group>";
		};
		266F31911EBFB9B8001ECF24 /* Controller */ = {
			isa = PBXGroup;
			children = (
				266F31A91EBFC04A001ECF24 /* MRTDiscoverViewController.h */,
				266F31AA1EBFC04A001ECF24 /* MRTDiscoverViewController.m */,
			);
			name = Controller;
			sourceTree = "<group>";
		};
		266F31921EBFB9DD001ECF24 /* View */ = {
			isa = PBXGroup;
			children = (
				263461471EC512B3000D34A6 /* MRTHomeTitle.h */,
				263461481EC512B3000D34A6 /* MRTHomeTitle.m */,
				2671DEA11EC6040E002F3D26 /* MRTCover.h */,
				2671DEA21EC6040E002F3D26 /* MRTCover.m */,
				2671DEA51EC61416002F3D26 /* MRTPopMenu.h */,
				2671DEA61EC61416002F3D26 /* MRTPopMenu.m */,
			);
			name = View;
			sourceTree = "<group>";
		};
		266F31931EBFB9DF001ECF24 /* Model */ = {
			isa = PBXGroup;
			children = (
				26D2EA201ECE5B4900B733EB /* MRTUser.h */,
				26D2EA211ECE5B4900B733EB /* MRTUser.m */,
				26D2EA231ECE5B7700B733EB /* MRTStatus.h */,
				26D2EA241ECE5B7700B733EB /* MRTStatus.m */,
				26D2EA261ECE5B9C00B733EB /* MRTPicture.h */,
				26D2EA271ECE5B9C00B733EB /* MRTPicture.m */,
				263EE9391ED1E33400345397 /* Tool */,
			);
			name = Model;
			sourceTree = "<group>";
		};
		266F31941EBFB9E1001ECF24 /* Controller */ = {
			isa = PBXGroup;
			children = (
				266F319A1EBFBCCC001ECF24 /* MRTHomeViewController.h */,
				266F319B1EBFBCCC001ECF24 /* MRTHomeViewController.m */,
				263461441EC4FC1E000D34A6 /* MRTMenuViewController.h */,
				263461451EC4FC1E000D34A6 /* MRTMenuViewController.m */,
				266896C21EC876C7009CCC25 /* MRTOneViewController.h */,
				266896C31EC876C7009CCC25 /* MRTOneViewController.m */,
				266896C41EC876C7009CCC25 /* MRTOneViewController.xib */,
				266896C71EC8B393009CCC25 /* MRTTwoViewController.h */,
				266896C81EC8B393009CCC25 /* MRTTwoViewController.m */,
				266896C91EC8B393009CCC25 /* MRTTwoViewController.xib */,
			);
			name = Controller;
			sourceTree = "<group>";
		};
		266F31951EBFBA5D001ECF24 /* Profile */ = {
			isa = PBXGroup;
			children = (
				266F31981EBFBA6E001ECF24 /* Model */,
				266F31971EBFBA6C001ECF24 /* View */,
				266F31961EBFBA6A001ECF24 /* Controller */,
			);
			name = Profile;
			sourceTree = "<group>";
		};
		266F31961EBFBA6A001ECF24 /* Controller */ = {
			isa = PBXGroup;
			children = (
				266F31AC1EBFC06B001ECF24 /* MRTProfileViewController.h */,
				266F31AD1EBFC06B001ECF24 /* MRTProfileViewController.m */,
			);
			name = Controller;
			sourceTree = "<group>";
		};
		266F31971EBFBA6C001ECF24 /* View */ = {
			isa = PBXGroup;
			children = (
			);
			name = View;
			sourceTree = "<group>";
		};
		266F31981EBFBA6E001ECF24 /* Model */ = {
			isa = PBXGroup;
			children = (
			);
			name = Model;
			sourceTree = "<group>";
		};
		266F31991EBFBB12001ECF24 /* Controller */ = {
			isa = PBXGroup;
			children = (
				266F31AF1EBFCD28001ECF24 /* MRTLogInViewController.h */,
				266F31B01EBFCD28001ECF24 /* MRTLogInViewController.m */,
				26315FC11ECB0CA8001BC766 /* MRTOAuthViewController.h */,
				26315FC21ECB0CA8001BC766 /* MRTOAuthViewController.m */,
			);
			name = Controller;
			sourceTree = "<group>";
		};
		267539D21ECDAB1600D6BB3A /* Model */ = {
			isa = PBXGroup;
			children = (
				267539D31ECDABB500D6BB3A /* MRTAccount.h */,
				267539D41ECDABB500D6BB3A /* MRTAccount.m */,
				263EE9331ED1A78A00345397 /* MRTAccountParameter.h */,
				263EE9341ED1A78A00345397 /* MRTAccountParameter.m */,
			);
			name = Model;
			sourceTree = "<group>";
		};
		267539D61ECDFDAA00D6BB3A /* Store */ = {
			isa = PBXGroup;
			children = (
				267539D71ECDFE1C00D6BB3A /* MRTAccountStore.h */,
				267539D81ECDFE1C00D6BB3A /* MRTAccountStore.m */,
			);
			name = Store;
			sourceTree = "<group>";
		};
		87B097444AE84103A2FCF9A4 /* Frameworks */ = {
			isa = PBXGroup;
			children = (
				C128BD0545A7FD9C0DB859C4 /* libPods-Webo.a */,
			);
			name = Frameworks;
			sourceTree = "<group>";
		};
		C8AE40A5E7F03FB29C893179 /* Pods */ = {
			isa = PBXGroup;
			children = (
				16A373BDB4D13CB4712937FE /* Pods-Webo.debug.xcconfig */,
				BA69F59417D1A198953C3BD9 /* Pods-Webo.release.xcconfig */,
			);
			name = Pods;
			sourceTree = "<group>";
		};
/* End PBXGroup section */

/* Begin PBXNativeTarget section */
		2619E1011EAEA3C3004CE6DD /* Webo */ = {
			isa = PBXNativeTarget;
			buildConfigurationList = 2619E1321EAEA3C3004CE6DD /* Build configuration list for PBXNativeTarget "Webo" */;
			buildPhases = (
				E44C346C755AAE72B63B1583 /* [CP] Check Pods Manifest.lock */,
				2619E0FE1EAEA3C3004CE6DD /* Sources */,
				2619E0FF1EAEA3C3004CE6DD /* Frameworks */,
				2619E1001EAEA3C3004CE6DD /* Resources */,
				31E0A8FB789A7EF4DB509F28 /* [CP] Embed Pods Frameworks */,
				4A35F0A5853F77241DD3C352 /* [CP] Copy Pods Resources */,
			);
			buildRules = (
			);
			dependencies = (
			);
			name = Webo;
			productName = Webo;
			productReference = 2619E1021EAEA3C3004CE6DD /* Webo.app */;
			productType = "com.apple.product-type.application";
		};
		2619E11D1EAEA3C3004CE6DD /* WeboTests */ = {
			isa = PBXNativeTarget;
			buildConfigurationList = 2619E1351EAEA3C3004CE6DD /* Build configuration list for PBXNativeTarget "WeboTests" */;
			buildPhases = (
				2619E11A1EAEA3C3004CE6DD /* Sources */,
				2619E11B1EAEA3C3004CE6DD /* Frameworks */,
				2619E11C1EAEA3C3004CE6DD /* Resources */,
			);
			buildRules = (
			);
			dependencies = (
				2619E1201EAEA3C3004CE6DD /* PBXTargetDependency */,
			);
			name = WeboTests;
			productName = WeboTests;
			productReference = 2619E11E1EAEA3C3004CE6DD /* WeboTests.xctest */;
			productType = "com.apple.product-type.bundle.unit-test";
		};
		2619E1281EAEA3C3004CE6DD /* WeboUITests */ = {
			isa = PBXNativeTarget;
			buildConfigurationList = 2619E1381EAEA3C3004CE6DD /* Build configuration list for PBXNativeTarget "WeboUITests" */;
			buildPhases = (
				2619E1251EAEA3C3004CE6DD /* Sources */,
				2619E1261EAEA3C3004CE6DD /* Frameworks */,
				2619E1271EAEA3C3004CE6DD /* Resources */,
			);
			buildRules = (
			);
			dependencies = (
				2619E12B1EAEA3C3004CE6DD /* PBXTargetDependency */,
			);
			name = WeboUITests;
			productName = WeboUITests;
			productReference = 2619E1291EAEA3C3004CE6DD /* WeboUITests.xctest */;
			productType = "com.apple.product-type.bundle.ui-testing";
		};
/* End PBXNativeTarget section */

/* Begin PBXProject section */
		2619E0FA1EAEA3C3004CE6DD /* Project object */ = {
			isa = PBXProject;
			attributes = {
				CLASSPREFIX = MRT;
				LastUpgradeCheck = 0830;
				ORGANIZATIONNAME = mrtanis;
				TargetAttributes = {
					2619E1011EAEA3C3004CE6DD = {
						CreatedOnToolsVersion = 8.3;
						DevelopmentTeam = 8K5W74R456;
						ProvisioningStyle = Automatic;
					};
					2619E11D1EAEA3C3004CE6DD = {
						CreatedOnToolsVersion = 8.3;
						DevelopmentTeam = 8K5W74R456;
						ProvisioningStyle = Automatic;
						TestTargetID = 2619E1011EAEA3C3004CE6DD;
					};
					2619E1281EAEA3C3004CE6DD = {
						CreatedOnToolsVersion = 8.3;
						DevelopmentTeam = 8K5W74R456;
						ProvisioningStyle = Automatic;
						TestTargetID = 2619E1011EAEA3C3004CE6DD;
					};
				};
			};
			buildConfigurationList = 2619E0FD1EAEA3C3004CE6DD /* Build configuration list for PBXProject "Webo" */;
			compatibilityVersion = "Xcode 3.2";
			developmentRegion = English;
			hasScannedForEncodings = 0;
			knownRegions = (
				en,
				Base,
			);
			mainGroup = 2619E0F91EAEA3C3004CE6DD;
			productRefGroup = 2619E1031EAEA3C3004CE6DD /* Products */;
			projectDirPath = "";
			projectRoot = "";
			targets = (
				2619E1011EAEA3C3004CE6DD /* Webo */,
				2619E11D1EAEA3C3004CE6DD /* WeboTests */,
				2619E1281EAEA3C3004CE6DD /* WeboUITests */,
			);
		};
/* End PBXProject section */

/* Begin PBXResourcesBuildPhase section */
		2619E1001EAEA3C3004CE6DD /* Resources */ = {
			isa = PBXResourcesBuildPhase;
			buildActionMask = 2147483647;
			files = (
				261A1EAB1EAFEE1900D2B7FE /* WeboIcon@3x.png in Resources */,
				266896CB1EC8B393009CCC25 /* MRTTwoViewController.xib in Resources */,
				2619E1181EAEA3C3004CE6DD /* LaunchScreen.storyboard in Resources */,
				2619E1151EAEA3C3004CE6DD /* Assets.xcassets in Resources */,
				261A1EA91EAFED7100D2B7FE /* WeboIcon@2x.png in Resources */,
				2619E1101EAEA3C3004CE6DD /* Main.storyboard in Resources */,
				266896C61EC876C7009CCC25 /* MRTOneViewController.xib in Resources */,
			);
			runOnlyForDeploymentPostprocessing = 0;
		};
		2619E11C1EAEA3C3004CE6DD /* Resources */ = {
			isa = PBXResourcesBuildPhase;
			buildActionMask = 2147483647;
			files = (
			);
			runOnlyForDeploymentPostprocessing = 0;
		};
		2619E1271EAEA3C3004CE6DD /* Resources */ = {
			isa = PBXResourcesBuildPhase;
			buildActionMask = 2147483647;
			files = (
			);
			runOnlyForDeploymentPostprocessing = 0;
		};
/* End PBXResourcesBuildPhase section */

/* Begin PBXShellScriptBuildPhase section */
		31E0A8FB789A7EF4DB509F28 /* [CP] Embed Pods Frameworks */ = {
			isa = PBXShellScriptBuildPhase;
			buildActionMask = 2147483647;
			files = (
			);
			inputPaths = (
			);
			name = "[CP] Embed Pods Frameworks";
			outputPaths = (
			);
			runOnlyForDeploymentPostprocessing = 0;
			shellPath = /bin/sh;
			shellScript = "\"${SRCROOT}/Pods/Target Support Files/Pods-Webo/Pods-Webo-frameworks.sh\"\n";
			showEnvVarsInLog = 0;
		};
		4A35F0A5853F77241DD3C352 /* [CP] Copy Pods Resources */ = {
			isa = PBXShellScriptBuildPhase;
			buildActionMask = 2147483647;
			files = (
			);
			inputPaths = (
			);
			name = "[CP] Copy Pods Resources";
			outputPaths = (
			);
			runOnlyForDeploymentPostprocessing = 0;
			shellPath = /bin/sh;
			shellScript = "\"${SRCROOT}/Pods/Target Support Files/Pods-Webo/Pods-Webo-resources.sh\"\n";
			showEnvVarsInLog = 0;
		};
		E44C346C755AAE72B63B1583 /* [CP] Check Pods Manifest.lock */ = {
			isa = PBXShellScriptBuildPhase;
			buildActionMask = 2147483647;
			files = (
			);
			inputPaths = (
			);
			name = "[CP] Check Pods Manifest.lock";
			outputPaths = (
			);
			runOnlyForDeploymentPostprocessing = 0;
			shellPath = /bin/sh;
			shellScript = "diff \"${PODS_PODFILE_DIR_PATH}/Podfile.lock\" \"${PODS_ROOT}/Manifest.lock\" > /dev/null\nif [ $? != 0 ] ; then\n    # print error to STDERR\n    echo \"error: The sandbox is not in sync with the Podfile.lock. Run 'pod install' or update your CocoaPods installation.\" >&2\n    exit 1\nfi\n";
			showEnvVarsInLog = 0;
		};
/* End PBXShellScriptBuildPhase section */

/* Begin PBXSourcesBuildPhase section */
		2619E0FE1EAEA3C3004CE6DD /* Sources */ = {
			isa = PBXSourcesBuildPhase;
			buildActionMask = 2147483647;
			files = (
				2619E10A1EAEA3C3004CE6DD /* AppDelegate.m in Sources */,
				2619E1131EAEA3C3004CE6DD /* Webo.xcdatamodeld in Sources */,
				2635DA0C1EC1281100EF24B6 /* UIView+MRTFrame.m in Sources */,
				266F319C1EBFBCCC001ECF24 /* MRTHomeViewController.m in Sources */,
				2671DEAA1EC66303002F3D26 /* MRTSearchBar.m in Sources */,
				266F31AE1EBFC06B001ECF24 /* MRTProfileViewController.m in Sources */,
				26315FC31ECB0CA8001BC766 /* MRTOAuthViewController.m in Sources */,
				263EE9351ED1A78A00345397 /* MRTAccountParameter.m in Sources */,
				263461401EC478FD000D34A6 /* MRTNavigationController.m in Sources */,
				2635DA061EC1155300EF24B6 /* MRTTabBar.m in Sources */,
				2671DEA31EC6040E002F3D26 /* MRTCover.m in Sources */,
				2635DA091EC1175000EF24B6 /* MRTBadgeView.m in Sources */,
				267539D51ECDABB500D6BB3A /* MRTAccount.m in Sources */,
				26D2EA221ECE5B4900B733EB /* MRTUser.m in Sources */,
				267539D91ECDFE1C00D6BB3A /* MRTAccountStore.m in Sources */,
				263EE9401ED1E35F00345397 /* MRTStatusParameter.m in Sources */,
				2635DA131EC12B8100EF24B6 /* MRTTabBarButton.m in Sources */,
				2671DEA71EC61416002F3D26 /* MRTPopMenu.m in Sources */,
				266F31B11EBFCD28001ECF24 /* MRTLogInViewController.m in Sources */,
				266896D81EC9118E009CCC25 /* MRTNewFeatureController.m in Sources */,
				26D2EA281ECE5B9C00B733EB /* MRTPicture.m in Sources */,
				266896C51EC876C7009CCC25 /* MRTOneViewController.m in Sources */,
				263EE9411ED1E35F00345397 /* MRTStatusResult.m in Sources */,
				266F31AB1EBFC04A001ECF24 /* MRTDiscoverViewController.m in Sources */,
				266896D21EC90C01009CCC25 /* MRTNewFeatureCell.m in Sources */,
				26D2EA1F1ECE4E3300B733EB /* MRTRootVCPicker.m in Sources */,
				263461461EC4FC1E000D34A6 /* MRTMenuViewController.m in Sources */,
				26315FC61ECB4871001BC766 /* MBProgressHUD+MRT.m in Sources */,
				2619E1071EAEA3C3004CE6DD /* main.m in Sources */,
				263EE9421ED1E35F00345397 /* MRTStatusTool.m in Sources */,
				2635DA101EC1285E00EF24B6 /* UIImage+MRTImage.m in Sources */,
				266F31A81EBFC020001ECF24 /* MRTMessageViewController.m in Sources */,
				263461491EC512B3000D34A6 /* MRTHomeTitle.m in Sources */,
				266896CA1EC8B393009CCC25 /* MRTTwoViewController.m in Sources */,
				26D2EA251ECE5B7700B733EB /* MRTStatus.m in Sources */,
				266F31B71EBFCD4A001ECF24 /* MRTTabBarController.m in Sources */,
				263461431EC4C943000D34A6 /* UIBarButtonItem+MRTItem.m in Sources */,
				263507441ED05C8D00BFBF70 /* MRTHttpTool.m in Sources */,
			);
			runOnlyForDeploymentPostprocessing = 0;
		};
		2619E11A1EAEA3C3004CE6DD /* Sources */ = {
			isa = PBXSourcesBuildPhase;
			buildActionMask = 2147483647;
			files = (
				2619E1231EAEA3C3004CE6DD /* WeboTests.m in Sources */,
			);
			runOnlyForDeploymentPostprocessing = 0;
		};
		2619E1251EAEA3C3004CE6DD /* Sources */ = {
			isa = PBXSourcesBuildPhase;
			buildActionMask = 2147483647;
			files = (
				2619E12E1EAEA3C3004CE6DD /* WeboUITests.m in Sources */,
			);
			runOnlyForDeploymentPostprocessing = 0;
		};
/* End PBXSourcesBuildPhase section */

/* Begin PBXTargetDependency section */
		2619E1201EAEA3C3004CE6DD /* PBXTargetDependency */ = {
			isa = PBXTargetDependency;
			target = 2619E1011EAEA3C3004CE6DD /* Webo */;
			targetProxy = 2619E11F1EAEA3C3004CE6DD /* PBXContainerItemProxy */;
		};
		2619E12B1EAEA3C3004CE6DD /* PBXTargetDependency */ = {
			isa = PBXTargetDependency;
			target = 2619E1011EAEA3C3004CE6DD /* Webo */;
			targetProxy = 2619E12A1EAEA3C3004CE6DD /* PBXContainerItemProxy */;
		};
/* End PBXTargetDependency section */

/* Begin PBXVariantGroup section */
		2619E10E1EAEA3C3004CE6DD /* Main.storyboard */ = {
			isa = PBXVariantGroup;
			children = (
				2619E10F1EAEA3C3004CE6DD /* Base */,
			);
			name = Main.storyboard;
			sourceTree = "<group>";
		};
		2619E1161EAEA3C3004CE6DD /* LaunchScreen.storyboard */ = {
			isa = PBXVariantGroup;
			children = (
				2619E1171EAEA3C3004CE6DD /* Base */,
			);
			name = LaunchScreen.storyboard;
			sourceTree = "<group>";
		};
/* End PBXVariantGroup section */

/* Begin XCBuildConfiguration section */
		2619E1301EAEA3C3004CE6DD /* Debug */ = {
			isa = XCBuildConfiguration;
			buildSettings = {
				ALWAYS_SEARCH_USER_PATHS = NO;
				CLANG_ANALYZER_NONNULL = YES;
				CLANG_ANALYZER_NUMBER_OBJECT_CONVERSION = YES_AGGRESSIVE;
				CLANG_CXX_LANGUAGE_STANDARD = "gnu++0x";
				CLANG_CXX_LIBRARY = "libc++";
				CLANG_ENABLE_MODULES = YES;
				CLANG_ENABLE_OBJC_ARC = YES;
				CLANG_WARN_BOOL_CONVERSION = YES;
				CLANG_WARN_CONSTANT_CONVERSION = YES;
				CLANG_WARN_DIRECT_OBJC_ISA_USAGE = YES_ERROR;
				CLANG_WARN_DOCUMENTATION_COMMENTS = YES;
				CLANG_WARN_EMPTY_BODY = YES;
				CLANG_WARN_ENUM_CONVERSION = YES;
				CLANG_WARN_INFINITE_RECURSION = YES;
				CLANG_WARN_INT_CONVERSION = YES;
				CLANG_WARN_OBJC_ROOT_CLASS = YES_ERROR;
				CLANG_WARN_SUSPICIOUS_MOVE = YES;
				CLANG_WARN_UNREACHABLE_CODE = YES;
				CLANG_WARN__DUPLICATE_METHOD_MATCH = YES;
				"CODE_SIGN_IDENTITY[sdk=iphoneos*]" = "iPhone Developer";
				COPY_PHASE_STRIP = NO;
				DEBUG_INFORMATION_FORMAT = dwarf;
				ENABLE_STRICT_OBJC_MSGSEND = YES;
				ENABLE_TESTABILITY = YES;
				GCC_C_LANGUAGE_STANDARD = gnu99;
				GCC_DYNAMIC_NO_PIC = NO;
				GCC_NO_COMMON_BLOCKS = YES;
				GCC_OPTIMIZATION_LEVEL = 0;
				GCC_PREFIX_HEADER = "Webo/Webo-PrefixHeader.pch";
				GCC_PREPROCESSOR_DEFINITIONS = (
					"DEBUG=1",
					"$(inherited)",
				);
				GCC_WARN_64_TO_32_BIT_CONVERSION = YES;
				GCC_WARN_ABOUT_RETURN_TYPE = YES_ERROR;
				GCC_WARN_UNDECLARED_SELECTOR = YES;
				GCC_WARN_UNINITIALIZED_AUTOS = YES_AGGRESSIVE;
				GCC_WARN_UNUSED_FUNCTION = YES;
				GCC_WARN_UNUSED_VARIABLE = YES;
				IPHONEOS_DEPLOYMENT_TARGET = 10.3;
				MTL_ENABLE_DEBUG_INFO = YES;
				ONLY_ACTIVE_ARCH = YES;
				SDKROOT = iphoneos;
			};
			name = Debug;
		};
		2619E1311EAEA3C3004CE6DD /* Release */ = {
			isa = XCBuildConfiguration;
			buildSettings = {
				ALWAYS_SEARCH_USER_PATHS = NO;
				CLANG_ANALYZER_NONNULL = YES;
				CLANG_ANALYZER_NUMBER_OBJECT_CONVERSION = YES_AGGRESSIVE;
				CLANG_CXX_LANGUAGE_STANDARD = "gnu++0x";
				CLANG_CXX_LIBRARY = "libc++";
				CLANG_ENABLE_MODULES = YES;
				CLANG_ENABLE_OBJC_ARC = YES;
				CLANG_WARN_BOOL_CONVERSION = YES;
				CLANG_WARN_CONSTANT_CONVERSION = YES;
				CLANG_WARN_DIRECT_OBJC_ISA_USAGE = YES_ERROR;
				CLANG_WARN_DOCUMENTATION_COMMENTS = YES;
				CLANG_WARN_EMPTY_BODY = YES;
				CLANG_WARN_ENUM_CONVERSION = YES;
				CLANG_WARN_INFINITE_RECURSION = YES;
				CLANG_WARN_INT_CONVERSION = YES;
				CLANG_WARN_OBJC_ROOT_CLASS = YES_ERROR;
				CLANG_WARN_SUSPICIOUS_MOVE = YES;
				CLANG_WARN_UNREACHABLE_CODE = YES;
				CLANG_WARN__DUPLICATE_METHOD_MATCH = YES;
				"CODE_SIGN_IDENTITY[sdk=iphoneos*]" = "iPhone Developer";
				COPY_PHASE_STRIP = NO;
				DEBUG_INFORMATION_FORMAT = "dwarf-with-dsym";
				ENABLE_NS_ASSERTIONS = NO;
				ENABLE_STRICT_OBJC_MSGSEND = YES;
				GCC_C_LANGUAGE_STANDARD = gnu99;
				GCC_NO_COMMON_BLOCKS = YES;
				GCC_PREFIX_HEADER = "Webo/Webo-PrefixHeader.pch";
				GCC_WARN_64_TO_32_BIT_CONVERSION = YES;
				GCC_WARN_ABOUT_RETURN_TYPE = YES_ERROR;
				GCC_WARN_UNDECLARED_SELECTOR = YES;
				GCC_WARN_UNINITIALIZED_AUTOS = YES_AGGRESSIVE;
				GCC_WARN_UNUSED_FUNCTION = YES;
				GCC_WARN_UNUSED_VARIABLE = YES;
				IPHONEOS_DEPLOYMENT_TARGET = 10.3;
				MTL_ENABLE_DEBUG_INFO = NO;
				SDKROOT = iphoneos;
				VALIDATE_PRODUCT = YES;
			};
			name = Release;
		};
		2619E1331EAEA3C3004CE6DD /* Debug */ = {
			isa = XCBuildConfiguration;
			baseConfigurationReference = 16A373BDB4D13CB4712937FE /* Pods-Webo.debug.xcconfig */;
			buildSettings = {
				ASSETCATALOG_COMPILER_APPICON_NAME = AppIcon;
				ASSETCATALOG_COMPILER_LAUNCHIMAGE_NAME = LaunchImage;
				DEVELOPMENT_TEAM = 8K5W74R456;
				INFOPLIST_FILE = Webo/Info.plist;
				LD_RUNPATH_SEARCH_PATHS = "$(inherited) @executable_path/Frameworks";
				PRODUCT_BUNDLE_IDENTIFIER = mrtanis.Webo;
				PRODUCT_NAME = "$(TARGET_NAME)";
			};
			name = Debug;
		};
		2619E1341EAEA3C3004CE6DD /* Release */ = {
			isa = XCBuildConfiguration;
			baseConfigurationReference = BA69F59417D1A198953C3BD9 /* Pods-Webo.release.xcconfig */;
			buildSettings = {
				ASSETCATALOG_COMPILER_APPICON_NAME = AppIcon;
				ASSETCATALOG_COMPILER_LAUNCHIMAGE_NAME = LaunchImage;
				DEVELOPMENT_TEAM = 8K5W74R456;
				INFOPLIST_FILE = Webo/Info.plist;
				LD_RUNPATH_SEARCH_PATHS = "$(inherited) @executable_path/Frameworks";
				PRODUCT_BUNDLE_IDENTIFIER = mrtanis.Webo;
				PRODUCT_NAME = "$(TARGET_NAME)";
			};
			name = Release;
		};
		2619E1361EAEA3C3004CE6DD /* Debug */ = {
			isa = XCBuildConfiguration;
			buildSettings = {
				BUNDLE_LOADER = "$(TEST_HOST)";
				DEVELOPMENT_TEAM = 8K5W74R456;
				INFOPLIST_FILE = WeboTests/Info.plist;
				LD_RUNPATH_SEARCH_PATHS = "$(inherited) @executable_path/Frameworks @loader_path/Frameworks";
				PRODUCT_BUNDLE_IDENTIFIER = mrtanis.WeboTests;
				PRODUCT_NAME = "$(TARGET_NAME)";
				TEST_HOST = "$(BUILT_PRODUCTS_DIR)/Webo.app/Webo";
			};
			name = Debug;
		};
		2619E1371EAEA3C3004CE6DD /* Release */ = {
			isa = XCBuildConfiguration;
			buildSettings = {
				BUNDLE_LOADER = "$(TEST_HOST)";
				DEVELOPMENT_TEAM = 8K5W74R456;
				INFOPLIST_FILE = WeboTests/Info.plist;
				LD_RUNPATH_SEARCH_PATHS = "$(inherited) @executable_path/Frameworks @loader_path/Frameworks";
				PRODUCT_BUNDLE_IDENTIFIER = mrtanis.WeboTests;
				PRODUCT_NAME = "$(TARGET_NAME)";
				TEST_HOST = "$(BUILT_PRODUCTS_DIR)/Webo.app/Webo";
			};
			name = Release;
		};
		2619E1391EAEA3C3004CE6DD /* Debug */ = {
			isa = XCBuildConfiguration;
			buildSettings = {
				DEVELOPMENT_TEAM = 8K5W74R456;
				INFOPLIST_FILE = WeboUITests/Info.plist;
				LD_RUNPATH_SEARCH_PATHS = "$(inherited) @executable_path/Frameworks @loader_path/Frameworks";
				PRODUCT_BUNDLE_IDENTIFIER = mrtanis.WeboUITests;
				PRODUCT_NAME = "$(TARGET_NAME)";
				TEST_TARGET_NAME = Webo;
			};
			name = Debug;
		};
		2619E13A1EAEA3C3004CE6DD /* Release */ = {
			isa = XCBuildConfiguration;
			buildSettings = {
				DEVELOPMENT_TEAM = 8K5W74R456;
				INFOPLIST_FILE = WeboUITests/Info.plist;
				LD_RUNPATH_SEARCH_PATHS = "$(inherited) @executable_path/Frameworks @loader_path/Frameworks";
				PRODUCT_BUNDLE_IDENTIFIER = mrtanis.WeboUITests;
				PRODUCT_NAME = "$(TARGET_NAME)";
				TEST_TARGET_NAME = Webo;
			};
			name = Release;
		};
/* End XCBuildConfiguration section */

/* Begin XCConfigurationList section */
		2619E0FD1EAEA3C3004CE6DD /* Build configuration list for PBXProject "Webo" */ = {
			isa = XCConfigurationList;
			buildConfigurations = (
				2619E1301EAEA3C3004CE6DD /* Debug */,
				2619E1311EAEA3C3004CE6DD /* Release */,
			);
			defaultConfigurationIsVisible = 0;
			defaultConfigurationName = Release;
		};
		2619E1321EAEA3C3004CE6DD /* Build configuration list for PBXNativeTarget "Webo" */ = {
			isa = XCConfigurationList;
			buildConfigurations = (
				2619E1331EAEA3C3004CE6DD /* Debug */,
				2619E1341EAEA3C3004CE6DD /* Release */,
			);
			defaultConfigurationIsVisible = 0;
			defaultConfigurationName = Release;
		};
		2619E1351EAEA3C3004CE6DD /* Build configuration list for PBXNativeTarget "WeboTests" */ = {
			isa = XCConfigurationList;
			buildConfigurations = (
				2619E1361EAEA3C3004CE6DD /* Debug */,
				2619E1371EAEA3C3004CE6DD /* Release */,
			);
			defaultConfigurationIsVisible = 0;
			defaultConfigurationName = Release;
		};
		2619E1381EAEA3C3004CE6DD /* Build configuration list for PBXNativeTarget "WeboUITests" */ = {
			isa = XCConfigurationList;
			buildConfigurations = (
				2619E1391EAEA3C3004CE6DD /* Debug */,
				2619E13A1EAEA3C3004CE6DD /* Release */,
			);
			defaultConfigurationIsVisible = 0;
			defaultConfigurationName = Release;
		};
/* End XCConfigurationList section */

/* Begin XCVersionGroup section */
		2619E1111EAEA3C3004CE6DD /* Webo.xcdatamodeld */ = {
			isa = XCVersionGroup;
			children = (
				2619E1121EAEA3C3004CE6DD /* Webo.xcdatamodel */,
			);
			currentVersion = 2619E1121EAEA3C3004CE6DD /* Webo.xcdatamodel */;
			path = Webo.xcdatamodeld;
			sourceTree = "<group>";
			versionGroupType = wrapper.xcdatamodel;
		};
/* End XCVersionGroup section */
	};
	rootObject = 2619E0FA1EAEA3C3004CE6DD /* Project object */;
}
