// !$*UTF8*$!
{
	archiveVersion = 1;
	classes = {
	};
	objectVersion = 46;
	objects = {

/* Begin PBXBuildFile section */
		2619E1071EAEA3C3004CE6DD /* main.m in Sources */ = {isa = PBXBuildFile; fileRef = 2619E1061EAEA3C3004CE6DD /* main.m */; };
		2619E10A1EAEA3C3004CE6DD /* AppDelegate.m in Sources */ = {isa = PBXBuildFile; fileRef = 2619E1091EAEA3C3004CE6DD /* AppDelegate.m */; };
		2619E1101EAEA3C3004CE6DD /* Main.storyboard in Resources */ = {isa = PBXBuildFile; fileRef = 2619E10E1EAEA3C3004CE6DD /* Main.storyboard */; };
		2619E1131EAEA3C3004CE6DD /* Webo.xcdatamodeld in Sources */ = {isa = PBXBuildFile; fileRef = 2619E1111EAEA3C3004CE6DD /* Webo.xcdatamodeld */; };
		2619E1151EAEA3C3004CE6DD /* Assets.xcassets in Resources */ = {isa = PBXBuildFile; fileRef = 2619E1141EAEA3C3004CE6DD /* Assets.xcassets */; };
		2619E1181EAEA3C3004CE6DD /* LaunchScreen.storyboard in Resources */ = {isa = PBXBuildFile; fileRef = 2619E1161EAEA3C3004CE6DD /* LaunchScreen.storyboard */; };
		2619E1231EAEA3C3004CE6DD /* WeboTests.m in Sources */ = {isa = PBXBuildFile; fileRef = 2619E1221EAEA3C3004CE6DD /* WeboTests.m */; };
		2619E12E1EAEA3C3004CE6DD /* WeboUITests.m in Sources */ = {isa = PBXBuildFile; fileRef = 2619E12D1EAEA3C3004CE6DD /* WeboUITests.m */; };
		2619E13D1EAEAC68004CE6DD /* WeboLogInViewController.m in Sources */ = {isa = PBXBuildFile; fileRef = 2619E13C1EAEAC68004CE6DD /* WeboLogInViewController.m */; };
/* End PBXBuildFile section */

/* Begin PBXContainerItemProxy section */
		2619E11F1EAEA3C3004CE6DD /* PBXContainerItemProxy */ = {
			isa = PBXContainerItemProxy;
			containerPortal = 2619E0FA1EAEA3C3004CE6DD /* Project object */;
			proxyType = 1;
			remoteGlobalIDString = 2619E1011EAEA3C3004CE6DD;
			remoteInfo = Webo;
		};
		2619E12A1EAEA3C3004CE6DD /* PBXContainerItemProxy */ = {
			isa = PBXContainerItemProxy;
			containerPortal = 2619E0FA1EAEA3C3004CE6DD /* Project object */;
			proxyType = 1;
			remoteGlobalIDString = 2619E1011EAEA3C3004CE6DD;
			remoteInfo = Webo;
		};
/* End PBXContainerItemProxy section */

/* Begin PBXFileReference section */
		2619E1021EAEA3C3004CE6DD /* Webo.app */ = {isa = PBXFileReference; explicitFileType = wrapper.application; includeInIndex = 0; path = Webo.app; sourceTree = BUILT_PRODUCTS_DIR; };
		2619E1061EAEA3C3004CE6DD /* main.m */ = {isa = PBXFileReference; lastKnownFileType = sourcecode.c.objc; path = main.m; sourceTree = "<group>"; };
		2619E1081EAEA3C3004CE6DD /* AppDelegate.h */ = {isa = PBXFileReference; lastKnownFileType = sourcecode.c.h; path = AppDelegate.h; sourceTree = "<group>"; };
		2619E1091EAEA3C3004CE6DD /* AppDelegate.m */ = {isa = PBXFileReference; lastKnownFileType = sourcecode.c.objc; path = AppDelegate.m; sourceTree = "<group>"; };
		2619E10F1EAEA3C3004CE6DD /* Base */ = {isa = PBXFileReference; lastKnownFileType = file.storyboard; name = Base; path = Base.lproj/Main.storyboard; sourceTree = "<group>"; };
		2619E1121EAEA3C3004CE6DD /* Webo.xcdatamodel */ = {isa = PBXFileReference; lastKnownFileType = wrapper.xcdatamodel; path = Webo.xcdatamodel; sourceTree = "<group>"; };
		2619E1141EAEA3C3004CE6DD /* Assets.xcassets */ = {isa = PBXFileReference; lastKnownFileType = folder.assetcatalog; path = Assets.xcassets; sourceTree = "<group>"; };
		2619E1171EAEA3C3004CE6DD /* Base */ = {isa = PBXFileReference; lastKnownFileType = file.storyboard; name = Base; path = Base.lproj/LaunchScreen.storyboard; sourceTree = "<group>"; };
		2619E1191EAEA3C3004CE6DD /* Info.plist */ = {isa = PBXFileReference; lastKnownFileType = text.plist.xml; path = Info.plist; sourceTree = "<group>"; };
		2619E11E1EAEA3C3004CE6DD /* WeboTests.xctest */ = {isa = PBXFileReference; explicitFileType = wrapper.cfbundle; includeInIndex = 0; path = WeboTests.xctest; sourceTree = BUILT_PRODUCTS_DIR; };
		2619E1221EAEA3C3004CE6DD /* WeboTests.m */ = {isa = PBXFileReference; lastKnownFileType = sourcecode.c.objc; path = WeboTests.m; sourceTree = "<group>"; };
		2619E1241EAEA3C3004CE6DD /* Info.plist */ = {isa = PBXFileReference; lastKnownFileType = text.plist.xml; path = Info.plist; sourceTree = "<group>"; };
		2619E1291EAEA3C3004CE6DD /* WeboUITests.xctest */ = {isa = PBXFileReference; explicitFileType = wrapper.cfbundle; includeInIndex = 0; path = WeboUITests.xctest; sourceTree = BUILT_PRODUCTS_DIR; };
		2619E12D1EAEA3C3004CE6DD /* WeboUITests.m */ = {isa = PBXFileReference; lastKnownFileType = sourcecode.c.objc; path = WeboUITests.m; sourceTree = "<group>"; };
		2619E12F1EAEA3C3004CE6DD /* Info.plist */ = {isa = PBXFileReference; lastKnownFileType = text.plist.xml; path = Info.plist; sourceTree = "<group>"; };
		2619E13B1EAEAC68004CE6DD /* WeboLogInViewController.h */ = {isa = PBXFileReference; fileEncoding = 4; lastKnownFileType = sourcecode.c.h; name = WeboLogInViewController.h; path = Controller/WeboLogInViewController.h; sourceTree = "<group>"; };
		2619E13C1EAEAC68004CE6DD /* WeboLogInViewController.m */ = {isa = PBXFileReference; fileEncoding = 4; lastKnownFileType = sourcecode.c.objc; name = WeboLogInViewController.m; path = Controller/WeboLogInViewController.m; sourceTree = "<group>"; };
/* End PBXFileReference section */

/* Begin PBXFrameworksBuildPhase section */
		2619E0FF1EAEA3C3004CE6DD /* Frameworks */ = {
			isa = PBXFrameworksBuildPhase;
			buildActionMask = 2147483647;
			files = (
			);
			runOnlyForDeploymentPostprocessing = 0;
		};
		2619E11B1EAEA3C3004CE6DD /* Frameworks */ = {
			isa = PBXFrameworksBuildPhase;
			buildActionMask = 2147483647;
			files = (
			);
			runOnlyForDeploymentPostprocessing = 0;
		};
		2619E1261EAEA3C3004CE6DD /* Frameworks */ = {
			isa = PBXFrameworksBuildPhase;
			buildActionMask = 2147483647;
			files = (
			);
			runOnlyForDeploymentPostprocessing = 0;
		};
/* End PBXFrameworksBuildPhase section */

/* Begin PBXGroup section */
		2619E0F91EAEA3C3004CE6DD = {
			isa = PBXGroup;
			children = (
				2619E1041EAEA3C3004CE6DD /* Webo */,
				2619E1211EAEA3C3004CE6DD /* WeboTests */,
				2619E12C1EAEA3C3004CE6DD /* WeboUITests */,
				2619E1031EAEA3C3004CE6DD /* Products */,
			);
			sourceTree = "<group>";
		};
		2619E1031EAEA3C3004CE6DD /* Products */ = {
			isa = PBXGroup;
			children = (
				2619E1021EAEA3C3004CE6DD /* Webo.app */,
				2619E11E1EAEA3C3004CE6DD /* WeboTests.xctest */,
				2619E1291EAEA3C3004CE6DD /* WeboUITests.xctest */,
			);
			name = Products;
			sourceTree = "<group>";
		};
		2619E1041EAEA3C3004CE6DD /* Webo */ = {
			isa = PBXGroup;
			children = (
				2619E1081EAEA3C3004CE6DD /* AppDelegate.h */,
				2619E1091EAEA3C3004CE6DD /* AppDelegate.m */,
				2619E13E1EAEAC73004CE6DD /* Controller */,
				2619E10E1EAEA3C3004CE6DD /* Main.storyboard */,
				2619E1141EAEA3C3004CE6DD /* Assets.xcassets */,
				2619E1161EAEA3C3004CE6DD /* LaunchScreen.storyboard */,
				2619E1191EAEA3C3004CE6DD /* Info.plist */,
				2619E1111EAEA3C3004CE6DD /* Webo.xcdatamodeld */,
				2619E1051EAEA3C3004CE6DD /* Supporting Files */,
			);
			path = Webo;
			sourceTree = "<group>";
		};
		2619E1051EAEA3C3004CE6DD /* Supporting Files */ = {
			isa = PBXGroup;
			children = (
				2619E1061EAEA3C3004CE6DD /* main.m */,
			);
			name = "Supporting Files";
			sourceTree = "<group>";
		};
		2619E1211EAEA3C3004CE6DD /* WeboTests */ = {
			isa = PBXGroup;
			children = (
				2619E1221EAEA3C3004CE6DD /* WeboTests.m */,
				2619E1241EAEA3C3004CE6DD /* Info.plist */,
			);
			path = WeboTests;
			sourceTree = "<group>";
		};
		2619E12C1EAEA3C3004CE6DD /* WeboUITests */ = {
			isa = PBXGroup;
			children = (
				2619E12D1EAEA3C3004CE6DD /* WeboUITests.m */,
				2619E12F1EAEA3C3004CE6DD /* Info.plist */,
			);
			path = WeboUITests;
			sourceTree = "<group>";
		};
		2619E13E1EAEAC73004CE6DD /* Controller */ = {
			isa = PBXGroup;
			children = (
				2619E13B1EAEAC68004CE6DD /* WeboLogInViewController.h */,
				2619E13C1EAEAC68004CE6DD /* WeboLogInViewController.m */,
			);
			name = Controller;
			sourceTree = "<group>";
		};
/* End PBXGroup section */

/* Begin PBXNativeTarget section */
		2619E1011EAEA3C3004CE6DD /* Webo */ = {
			isa = PBXNativeTarget;
			buildConfigurationList = 2619E1321EAEA3C3004CE6DD /* Build configuration list for PBXNativeTarget "Webo" */;
			buildPhases = (
				2619E0FE1EAEA3C3004CE6DD /* Sources */,
				2619E0FF1EAEA3C3004CE6DD /* Frameworks */,
				2619E1001EAEA3C3004CE6DD /* Resources */,
			);
			buildRules = (
			);
			dependencies = (
			);
			name = Webo;
			productName = Webo;
			productReference = 2619E1021EAEA3C3004CE6DD /* Webo.app */;
			productType = "com.apple.product-type.application";
		};
		2619E11D1EAEA3C3004CE6DD /* WeboTests */ = {
			isa = PBXNativeTarget;
			buildConfigurationList = 2619E1351EAEA3C3004CE6DD /* Build configuration list for PBXNativeTarget "WeboTests" */;
			buildPhases = (
				2619E11A1EAEA3C3004CE6DD /* Sources */,
				2619E11B1EAEA3C3004CE6DD /* Frameworks */,
				2619E11C1EAEA3C3004CE6DD /* Resources */,
			);
			buildRules = (
			);
			dependencies = (
				2619E1201EAEA3C3004CE6DD /* PBXTargetDependency */,
			);
			name = WeboTests;
			productName = WeboTests;
			productReference = 2619E11E1EAEA3C3004CE6DD /* WeboTests.xctest */;
			productType = "com.apple.product-type.bundle.unit-test";
		};
		2619E1281EAEA3C3004CE6DD /* WeboUITests */ = {
			isa = PBXNativeTarget;
			buildConfigurationList = 2619E1381EAEA3C3004CE6DD /* Build configuration list for PBXNativeTarget "WeboUITests" */;
			buildPhases = (
				2619E1251EAEA3C3004CE6DD /* Sources */,
				2619E1261EAEA3C3004CE6DD /* Frameworks */,
				2619E1271EAEA3C3004CE6DD /* Resources */,
			);
			buildRules = (
			);
			dependencies = (
				2619E12B1EAEA3C3004CE6DD /* PBXTargetDependency */,
			);
			name = WeboUITests;
			productName = WeboUITests;
			productReference = 2619E1291EAEA3C3004CE6DD /* WeboUITests.xctest */;
			productType = "com.apple.product-type.bundle.ui-testing";
		};
/* End PBXNativeTarget section */

/* Begin PBXProject section */
		2619E0FA1EAEA3C3004CE6DD /* Project object */ = {
			isa = PBXProject;
			attributes = {
				LastUpgradeCheck = 0830;
				ORGANIZATIONNAME = mrtanis;
				TargetAttributes = {
					2619E1011EAEA3C3004CE6DD = {
						CreatedOnToolsVersion = 8.3;
						DevelopmentTeam = 8K5W74R456;
						ProvisioningStyle = Automatic;
					};
					2619E11D1EAEA3C3004CE6DD = {
						CreatedOnToolsVersion = 8.3;
						DevelopmentTeam = 8K5W74R456;
						ProvisioningStyle = Automatic;
						TestTargetID = 2619E1011EAEA3C3004CE6DD;
					};
					2619E1281EAEA3C3004CE6DD = {
						CreatedOnToolsVersion = 8.3;
						DevelopmentTeam = 8K5W74R456;
						ProvisioningStyle = Automatic;
						TestTargetID = 2619E1011EAEA3C3004CE6DD;
					};
				};
			};
			buildConfigurationList = 2619E0FD1EAEA3C3004CE6DD /* Build configuration list for PBXProject "Webo" */;
			compatibilityVersion = "Xcode 3.2";
			developmentRegion = English;
			hasScannedForEncodings = 0;
			knownRegions = (
				en,
				Base,
			);
			mainGroup = 2619E0F91EAEA3C3004CE6DD;
			productRefGroup = 2619E1031EAEA3C3004CE6DD /* Products */;
			projectDirPath = "";
			projectRoot = "";
			targets = (
				2619E1011EAEA3C3004CE6DD /* Webo */,
				2619E11D1EAEA3C3004CE6DD /* WeboTests */,
				2619E1281EAEA3C3004CE6DD /* WeboUITests */,
			);
		};
/* End PBXProject section */

/* Begin PBXResourcesBuildPhase section */
		2619E1001EAEA3C3004CE6DD /* Resources */ = {
			isa = PBXResourcesBuildPhase;
			buildActionMask = 2147483647;
			files = (
				2619E1181EAEA3C3004CE6DD /* LaunchScreen.storyboard in Resources */,
				2619E1151EAEA3C3004CE6DD /* Assets.xcassets in Resources */,
				2619E1101EAEA3C3004CE6DD /* Main.storyboard in Resources */,
			);
			runOnlyForDeploymentPostprocessing = 0;
		};
		2619E11C1EAEA3C3004CE6DD /* Resources */ = {
			isa = PBXResourcesBuildPhase;
			buildActionMask = 2147483647;
			files = (
			);
			runOnlyForDeploymentPostprocessing = 0;
		};
		2619E1271EAEA3C3004CE6DD /* Resources */ = {
			isa = PBXResourcesBuildPhase;
			buildActionMask = 2147483647;
			files = (
			);
			runOnlyForDeploymentPostprocessing = 0;
		};
/* End PBXResourcesBuildPhase section */

/* Begin PBXSourcesBuildPhase section */
		2619E0FE1EAEA3C3004CE6DD /* Sources */ = {
			isa = PBXSourcesBuildPhase;
			buildActionMask = 2147483647;
			files = (
				2619E10A1EAEA3C3004CE6DD /* AppDelegate.m in Sources */,
				2619E13D1EAEAC68004CE6DD /* WeboLogInViewController.m in Sources */,
				2619E1131EAEA3C3004CE6DD /* Webo.xcdatamodeld in Sources */,
				2619E1071EAEA3C3004CE6DD /* main.m in Sources */,
			);
			runOnlyForDeploymentPostprocessing = 0;
		};
		2619E11A1EAEA3C3004CE6DD /* Sources */ = {
			isa = PBXSourcesBuildPhase;
			buildActionMask = 2147483647;
			files = (
				2619E1231EAEA3C3004CE6DD /* WeboTests.m in Sources */,
			);
			runOnlyForDeploymentPostprocessing = 0;
		};
		2619E1251EAEA3C3004CE6DD /* Sources */ = {
			isa = PBXSourcesBuildPhase;
			buildActionMask = 2147483647;
			files = (
				2619E12E1EAEA3C3004CE6DD /* WeboUITests.m in Sources */,
			);
			runOnlyForDeploymentPostprocessing = 0;
		};
/* End PBXSourcesBuildPhase section */

/* Begin PBXTargetDependency section */
		2619E1201EAEA3C3004CE6DD /* PBXTargetDependency */ = {
			isa = PBXTargetDependency;
			target = 2619E1011EAEA3C3004CE6DD /* Webo */;
			targetProxy = 2619E11F1EAEA3C3004CE6DD /* PBXContainerItemProxy */;
		};
		2619E12B1EAEA3C3004CE6DD /* PBXTargetDependency */ = {
			isa = PBXTargetDependency;
			target = 2619E1011EAEA3C3004CE6DD /* Webo */;
			targetProxy = 2619E12A1EAEA3C3004CE6DD /* PBXContainerItemProxy */;
		};
/* End PBXTargetDependency section */

/* Begin PBXVariantGroup section */
		2619E10E1EAEA3C3004CE6DD /* Main.storyboard */ = {
			isa = PBXVariantGroup;
			children = (
				2619E10F1EAEA3C3004CE6DD /* Base */,
			);
			name = Main.storyboard;
			sourceTree = "<group>";
		};
		2619E1161EAEA3C3004CE6DD /* LaunchScreen.storyboard */ = {
			isa = PBXVariantGroup;
			children = (
				2619E1171EAEA3C3004CE6DD /* Base */,
			);
			name = LaunchScreen.storyboard;
			sourceTree = "<group>";
		};
/* End PBXVariantGroup section */

/* Begin XCBuildConfiguration section */
		2619E1301EAEA3C3004CE6DD /* Debug */ = {
			isa = XCBuildConfiguration;
			buildSettings = {
				ALWAYS_SEARCH_USER_PATHS = NO;
				CLANG_ANALYZER_NONNULL = YES;
				CLANG_ANALYZER_NUMBER_OBJECT_CONVERSION = YES_AGGRESSIVE;
				CLANG_CXX_LANGUAGE_STANDARD = "gnu++0x";
				CLANG_CXX_LIBRARY = "libc++";
				CLANG_ENABLE_MODULES = YES;
				CLANG_ENABLE_OBJC_ARC = YES;
				CLANG_WARN_BOOL_CONVERSION = YES;
				CLANG_WARN_CONSTANT_CONVERSION = YES;
				CLANG_WARN_DIRECT_OBJC_ISA_USAGE = YES_ERROR;
				CLANG_WARN_DOCUMENTATION_COMMENTS = YES;
				CLANG_WARN_EMPTY_BODY = YES;
				CLANG_WARN_ENUM_CONVERSION = YES;
				CLANG_WARN_INFINITE_RECURSION = YES;
				CLANG_WARN_INT_CONVERSION = YES;
				CLANG_WARN_OBJC_ROOT_CLASS = YES_ERROR;
				CLANG_WARN_SUSPICIOUS_MOVE = YES;
				CLANG_WARN_UNREACHABLE_CODE = YES;
				CLANG_WARN__DUPLICATE_METHOD_MATCH = YES;
				"CODE_SIGN_IDENTITY[sdk=iphoneos*]" = "iPhone Developer";
				COPY_PHASE_STRIP = NO;
				DEBUG_INFORMATION_FORMAT = dwarf;
				ENABLE_STRICT_OBJC_MSGSEND = YES;
				ENABLE_TESTABILITY = YES;
				GCC_C_LANGUAGE_STANDARD = gnu99;
				GCC_DYNAMIC_NO_PIC = NO;
				GCC_NO_COMMON_BLOCKS = YES;
				GCC_OPTIMIZATION_LEVEL = 0;
				GCC_PREPROCESSOR_DEFINITIONS = (
					"DEBUG=1",
					"$(inherited)",
				);
				GCC_WARN_64_TO_32_BIT_CONVERSION = YES;
				GCC_WARN_ABOUT_RETURN_TYPE = YES_ERROR;
				GCC_WARN_UNDECLARED_SELECTOR = YES;
				GCC_WARN_UNINITIALIZED_AUTOS = YES_AGGRESSIVE;
				GCC_WARN_UNUSED_FUNCTION = YES;
				GCC_WARN_UNUSED_VARIABLE = YES;
				IPHONEOS_DEPLOYMENT_TARGET = 10.3;
				MTL_ENABLE_DEBUG_INFO = YES;
				ONLY_ACTIVE_ARCH = YES;
				SDKROOT = iphoneos;
			};
			name = Debug;
		};
		2619E1311EAEA3C3004CE6DD /* Release */ = {
			isa = XCBuildConfiguration;
			buildSettings = {
				ALWAYS_SEARCH_USER_PATHS = NO;
				CLANG_ANALYZER_NONNULL = YES;
				CLANG_ANALYZER_NUMBER_OBJECT_CONVERSION = YES_AGGRESSIVE;
				CLANG_CXX_LANGUAGE_STANDARD = "gnu++0x";
				CLANG_CXX_LIBRARY = "libc++";
				CLANG_ENABLE_MODULES = YES;
				CLANG_ENABLE_OBJC_ARC = YES;
				CLANG_WARN_BOOL_CONVERSION = YES;
				CLANG_WARN_CONSTANT_CONVERSION = YES;
				CLANG_WARN_DIRECT_OBJC_ISA_USAGE = YES_ERROR;
				CLANG_WARN_DOCUMENTATION_COMMENTS = YES;
				CLANG_WARN_EMPTY_BODY = YES;
				CLANG_WARN_ENUM_CONVERSION = YES;
				CLANG_WARN_INFINITE_RECURSION = YES;
				CLANG_WARN_INT_CONVERSION = YES;
				CLANG_WARN_OBJC_ROOT_CLASS = YES_ERROR;
				CLANG_WARN_SUSPICIOUS_MOVE = YES;
				CLANG_WARN_UNREACHABLE_CODE = YES;
				CLANG_WARN__DUPLICATE_METHOD_MATCH = YES;
				"CODE_SIGN_IDENTITY[sdk=iphoneos*]" = "iPhone Developer";
				COPY_PHASE_STRIP = NO;
				DEBUG_INFORMATION_FORMAT = "dwarf-with-dsym";
				ENABLE_NS_ASSERTIONS = NO;
				ENABLE_STRICT_OBJC_MSGSEND = YES;
				GCC_C_LANGUAGE_STANDARD = gnu99;
				GCC_NO_COMMON_BLOCKS = YES;
				GCC_WARN_64_TO_32_BIT_CONVERSION = YES;
				GCC_WARN_ABOUT_RETURN_TYPE = YES_ERROR;
				GCC_WARN_UNDECLARED_SELECTOR = YES;
				GCC_WARN_UNINITIALIZED_AUTOS = YES_AGGRESSIVE;
				GCC_WARN_UNUSED_FUNCTION = YES;
				GCC_WARN_UNUSED_VARIABLE = YES;
				IPHONEOS_DEPLOYMENT_TARGET = 10.3;
				MTL_ENABLE_DEBUG_INFO = NO;
				SDKROOT = iphoneos;
				VALIDATE_PRODUCT = YES;
			};
			name = Release;
		};
		2619E1331EAEA3C3004CE6DD /* Debug */ = {
			isa = XCBuildConfiguration;
			buildSettings = {
				ASSETCATALOG_COMPILER_APPICON_NAME = AppIcon;
				DEVELOPMENT_TEAM = 8K5W74R456;
				INFOPLIST_FILE = Webo/Info.plist;
				LD_RUNPATH_SEARCH_PATHS = "$(inherited) @executable_path/Frameworks";
				PRODUCT_BUNDLE_IDENTIFIER = mrtanis.Webo;
				PRODUCT_NAME = "$(TARGET_NAME)";
			};
			name = Debug;
		};
		2619E1341EAEA3C3004CE6DD /* Release */ = {
			isa = XCBuildConfiguration;
			buildSettings = {
				ASSETCATALOG_COMPILER_APPICON_NAME = AppIcon;
				DEVELOPMENT_TEAM = 8K5W74R456;
				INFOPLIST_FILE = Webo/Info.plist;
				LD_RUNPATH_SEARCH_PATHS = "$(inherited) @executable_path/Frameworks";
				PRODUCT_BUNDLE_IDENTIFIER = mrtanis.Webo;
				PRODUCT_NAME = "$(TARGET_NAME)";
			};
			name = Release;
		};
		2619E1361EAEA3C3004CE6DD /* Debug */ = {
			isa = XCBuildConfiguration;
			buildSettings = {
				BUNDLE_LOADER = "$(TEST_HOST)";
				DEVELOPMENT_TEAM = 8K5W74R456;
				INFOPLIST_FILE = WeboTests/Info.plist;
				LD_RUNPATH_SEARCH_PATHS = "$(inherited) @executable_path/Frameworks @loader_path/Frameworks";
				PRODUCT_BUNDLE_IDENTIFIER = mrtanis.WeboTests;
				PRODUCT_NAME = "$(TARGET_NAME)";
				TEST_HOST = "$(BUILT_PRODUCTS_DIR)/Webo.app/Webo";
			};
			name = Debug;
		};
		2619E1371EAEA3C3004CE6DD /* Release */ = {
			isa = XCBuildConfiguration;
			buildSettings = {
				BUNDLE_LOADER = "$(TEST_HOST)";
				DEVELOPMENT_TEAM = 8K5W74R456;
				INFOPLIST_FILE = WeboTests/Info.plist;
				LD_RUNPATH_SEARCH_PATHS = "$(inherited) @executable_path/Frameworks @loader_path/Frameworks";
				PRODUCT_BUNDLE_IDENTIFIER = mrtanis.WeboTests;
				PRODUCT_NAME = "$(TARGET_NAME)";
				TEST_HOST = "$(BUILT_PRODUCTS_DIR)/Webo.app/Webo";
			};
			name = Release;
		};
		2619E1391EAEA3C3004CE6DD /* Debug */ = {
			isa = XCBuildConfiguration;
			buildSettings = {
				DEVELOPMENT_TEAM = 8K5W74R456;
				INFOPLIST_FILE = WeboUITests/Info.plist;
				LD_RUNPATH_SEARCH_PATHS = "$(inherited) @executable_path/Frameworks @loader_path/Frameworks";
				PRODUCT_BUNDLE_IDENTIFIER = mrtanis.WeboUITests;
				PRODUCT_NAME = "$(TARGET_NAME)";
				TEST_TARGET_NAME = Webo;
			};
			name = Debug;
		};
		2619E13A1EAEA3C3004CE6DD /* Release */ = {
			isa = XCBuildConfiguration;
			buildSettings = {
				DEVELOPMENT_TEAM = 8K5W74R456;
				INFOPLIST_FILE = WeboUITests/Info.plist;
				LD_RUNPATH_SEARCH_PATHS = "$(inherited) @executable_path/Frameworks @loader_path/Frameworks";
				PRODUCT_BUNDLE_IDENTIFIER = mrtanis.WeboUITests;
				PRODUCT_NAME = "$(TARGET_NAME)";
				TEST_TARGET_NAME = Webo;
			};
			name = Release;
		};
/* End XCBuildConfiguration section */

/* Begin XCConfigurationList section */
		2619E0FD1EAEA3C3004CE6DD /* Build configuration list for PBXProject "Webo" */ = {
			isa = XCConfigurationList;
			buildConfigurations = (
				2619E1301EAEA3C3004CE6DD /* Debug */,
				2619E1311EAEA3C3004CE6DD /* Release */,
			);
			defaultConfigurationIsVisible = 0;
			defaultConfigurationName = Release;
		};
		2619E1321EAEA3C3004CE6DD /* Build configuration list for PBXNativeTarget "Webo" */ = {
			isa = XCConfigurationList;
			buildConfigurations = (
				2619E1331EAEA3C3004CE6DD /* Debug */,
				2619E1341EAEA3C3004CE6DD /* Release */,
			);
			defaultConfigurationIsVisible = 0;
			defaultConfigurationName = Release;
		};
		2619E1351EAEA3C3004CE6DD /* Build configuration list for PBXNativeTarget "WeboTests" */ = {
			isa = XCConfigurationList;
			buildConfigurations = (
				2619E1361EAEA3C3004CE6DD /* Debug */,
				2619E1371EAEA3C3004CE6DD /* Release */,
			);
			defaultConfigurationIsVisible = 0;
			defaultConfigurationName = Release;
		};
		2619E1381EAEA3C3004CE6DD /* Build configuration list for PBXNativeTarget "WeboUITests" */ = {
			isa = XCConfigurationList;
			buildConfigurations = (
				2619E1391EAEA3C3004CE6DD /* Debug */,
				2619E13A1EAEA3C3004CE6DD /* Release */,
			);
			defaultConfigurationIsVisible = 0;
			defaultConfigurationName = Release;
		};
/* End XCConfigurationList section */

/* Begin XCVersionGroup section */
		2619E1111EAEA3C3004CE6DD /* Webo.xcdatamodeld */ = {
			isa = XCVersionGroup;
			children = (
				2619E1121EAEA3C3004CE6DD /* Webo.xcdatamodel */,
			);
			currentVersion = 2619E1121EAEA3C3004CE6DD /* Webo.xcdatamodel */;
			path = Webo.xcdatamodeld;
			sourceTree = "<group>";
			versionGroupType = wrapper.xcdatamodel;
		};
/* End XCVersionGroup section */
	};
	rootObject = 2619E0FA1EAEA3C3004CE6DD /* Project object */;
}
